PODS:
  - Factory (2.1.2)
  - Firebase/CoreOnly (10.7.0):
    - FirebaseCore (= 10.7.0)
  - Firebase/Crashlytics (10.7.0):
    - Firebase/CoreOnly
    - FirebaseCrashlytics (~> 10.7.0)
  - FirebaseCore (10.7.0):
    - FirebaseCoreInternal (~> 10.0)
    - GoogleUtilities/Environment (~> 7.8)
    - GoogleUtilities/Logger (~> 7.8)
  - FirebaseCoreExtension (10.7.0):
    - FirebaseCore (~> 10.0)
  - FirebaseCoreInternal (10.7.0):
    - "GoogleUtilities/NSData+zlib (~> 7.8)"
  - FirebaseCrashlytics (10.7.0):
    - FirebaseCore (~> 10.5)
    - FirebaseInstallations (~> 10.0)
    - FirebaseSessions (~> 10.5)
    - GoogleDataTransport (~> 9.2)
    - GoogleUtilities/Environment (~> 7.8)
    - nanopb (< 2.30910.0, >= 2.30908.0)
    - PromisesObjC (~> 2.1)
  - FirebaseInstallations (10.7.0):
    - FirebaseCore (~> 10.0)
    - GoogleUtilities/Environment (~> 7.8)
    - GoogleUtilities/UserDefaults (~> 7.8)
    - PromisesObjC (~> 2.1)
  - FirebaseSessions (10.7.0):
    - FirebaseCore (~> 10.5)
    - FirebaseCoreExtension (~> 10.0)
    - FirebaseInstallations (~> 10.0)
    - GoogleDataTransport (~> 9.2)
    - GoogleUtilities/Environment (~> 7.10)
    - nanopb (< 2.30910.0, >= 2.30908.0)
    - PromisesSwift (~> 2.1)
  - FlowStacks (0.2.5)
  - GoogleDataTransport (9.2.2):
    - GoogleUtilities/Environment (~> 7.7)
    - nanopb (< 2.30910.0, >= 2.30908.0)
    - PromisesObjC (< 3.0, >= 1.2)
  - GoogleUtilities/Environment (7.11.1):
    - PromisesObjC (< 3.0, >= 1.2)
  - GoogleUtilities/Logger (7.11.1):
    - GoogleUtilities/Environment
  - "GoogleUtilities/NSData+zlib (7.11.1)"
  - GoogleUtilities/UserDefaults (7.11.1):
    - GoogleUtilities/Logger
  - IQKeyboardManagerSwift (6.5.11)
  - KeychainAccess (4.2.2)
  - KIF (3.8.9):
    - KIF/Core (= 3.8.9)
  - KIF/Core (3.8.9)
  - KIF/IdentifierTests (3.8.9):
    - KIF/Core
  - Kingfisher (6.3.1)
  - KMPNativeCoroutinesCombine (0.12.6):
    - KMPNativeCoroutinesCore (= 0.12.6)
  - KMPNativeCoroutinesCore (0.12.6)
  - nanopb (2.30909.0):
    - nanopb/decode (= 2.30909.0)
    - nanopb/encode (= 2.30909.0)
  - nanopb/decode (2.30909.0)
  - nanopb/encode (2.30909.0)
  - Nimble (10.0.0)
  - NimbleExtension (0.1.0)
  - PromisesObjC (2.2.0)
  - PromisesSwift (2.2.0):
    - PromisesObjC (= 2.2.0)
  - Quick (5.0.1)
  - R.swift (7.3.0)
  - shared (1.0)
  - SkeletonUI (1.0.11)
  - SnapKit (5.6.0)
  - Sourcery (2.0.1):
    - Sourcery/CLI-Only (= 2.0.1)
  - Sourcery/CLI-Only (2.0.1)
  - SwiftFormat/CLI (0.51.4)
  - SwiftLint (0.51.0)
  - SwiftUIPager (2.5.0)
  - Wormholy (1.6.6)
  - xcbeautify (0.17.0)

DEPENDENCIES:
  - Factory
  - Firebase/Crashlytics
  - FlowStacks
  - IQKeyboardManagerSwift
  - KeychainAccess
  - KIF
  - KIF/IdentifierTests
  - Kingfisher
  - KMPNativeCoroutinesCombine (= 0.12.6)
  - Nimble
  - NimbleExtension (from `https://github.com/nimblehq/NimbleExtension`, branch `master`)
  - Quick
  - R.swift
  - shared (from `../shared`)
  - SkeletonUI
  - SnapKit
  - Sourcery
  - SwiftFormat/CLI
  - SwiftLint
  - SwiftUIPager
  - Wormholy
  - xcbeautify

SPEC REPOS:
  trunk:
    - Factory
    - Firebase
    - FirebaseCore
    - FirebaseCoreExtension
    - FirebaseCoreInternal
    - FirebaseCrashlytics
    - FirebaseInstallations
    - FirebaseSessions
    - FlowStacks
    - GoogleDataTransport
    - GoogleUtilities
    - IQKeyboardManagerSwift
    - KeychainAccess
    - KIF
    - Kingfisher
    - KMPNativeCoroutinesCombine
    - KMPNativeCoroutinesCore
    - nanopb
    - Nimble
    - PromisesObjC
    - PromisesSwift
    - Quick
    - R.swift
    - SkeletonUI
    - SnapKit
    - Sourcery
    - SwiftFormat
    - SwiftLint
    - SwiftUIPager
    - Wormholy
    - xcbeautify

EXTERNAL SOURCES:
  NimbleExtension:
    :branch: master
    :git: https://github.com/nimblehq/NimbleExtension
  shared:
    :path: "../shared"

CHECKOUT OPTIONS:
  NimbleExtension:
    :commit: e14de1e80b9a5a6ee43ab1cc60f71601bc193347
    :git: https://github.com/nimblehq/NimbleExtension

SPEC CHECKSUMS:
  Factory: abeb556ed985e03ae341257a5160317352c7ede3
  Firebase: 0219acf760880eeec8ce479895bd7767466d9f81
  FirebaseCore: e317665b9d744727a97e623edbbed009320afdd7
  FirebaseCoreExtension: f17247ba8c61e4d3c8d136b5e2de3cb4ac6a85b6
  FirebaseCoreInternal: 8845798510aae74703467480f71ac613788d0696
  FirebaseCrashlytics: 35fdd1a433b31e28adcf5c8933f4c526691a1e0b
  FirebaseInstallations: 59c0e4c7a816a0f76710d83f77e5369b3e45eb96
  FirebaseSessions: 34e5c084da010ef3802cbc062b822e513c9e6318
  FlowStacks: a8f2c03581f41c4206c8444843a659c8a1897604
  GoogleDataTransport: 8378d1fa8ac49753ea6ce70d65a7cb70ce5f66e6
  GoogleUtilities: 9aa0ad5a7bc171f8bae016300bfcfa3fb8425749
  IQKeyboardManagerSwift: c7955c0bdbf7b2eb29bb7daaa44e3d90f55a9a85
  KeychainAccess: c0c4f7f38f6fc7bbe58f5702e25f7bd2f65abf51
  KIF: 7660c626b0f2d4562533590960db70a36d640558
  Kingfisher: 016c8b653a35add51dd34a3aba36b580041acc74
  KMPNativeCoroutinesCombine: 9c82dee7ba35c6acff4b35a9757bfecae8b335fd
  KMPNativeCoroutinesCore: 35da0312355f0e911cbb16923aea3389894affca
  nanopb: b552cce312b6c8484180ef47159bc0f65a1f0431
  Nimble: 5316ef81a170ce87baf72dd961f22f89a602ff84
  NimbleExtension: acad4290f27afd4241b1ea20f8597889085e2ce7
  PromisesObjC: 09985d6d70fbe7878040aa746d78236e6946d2ef
  PromisesSwift: cf9eb58666a43bbe007302226e510b16c1e10959
  Quick: 749aa754fd1e7d984f2000fe051e18a3a9809179
  R.swift: cef1c530541cb49412752721797f10dae6b32d11
  shared: 07cac7993e4f05eda6b76f3a213b070947c3b79f
  SkeletonUI: a5514a3877d39f28229c852a567660d0f7542330
  SnapKit: e01d52ebb8ddbc333eefe2132acf85c8227d9c25
  Sourcery: c873ccac00b051aa0bf2236f86cc3678e403ff27
  SwiftFormat: 9fea1c4be7fdc1274daeb7d34993fcf890d4ee82
  SwiftLint: 1b7561918a19e23bfed960e40759086e70f4dba5
  SwiftUIPager: b314d8923bef0bde743c904bb74fcc7a05fd3422
  Wormholy: 09da0b876f9276031fd47383627cb75e194fc068
  xcbeautify: 6e2f57af5c3a86d490376d5758030a8dcc201c1b

PODFILE CHECKSUM: e314ca1734b50fe77561503b50714c1172a7292b

COCOAPODS: 1.12.0
