// !$*UTF8*$!
{
	archiveVersion = 1;
	classes = {
	};
	objectVersion = 55;
	objects = {

/* Begin PBXBuildFile section */
		105624BF652ECD0330600F22 /* Pods_PhongKMMICKIFUITests.framework in Frameworks */ = {isa = PBXBuildFile; fileRef = 054955D5FC8BA5FB01DC2E0C /* Pods_PhongKMMICKIFUITests.framework */; };
		1575D172B085DBB3ABFB961F /* Optional+Unwrap.swift in Sources */ = {isa = PBXBuildFile; fileRef = D5C050389BDC52AAFB296D63 /* Optional+Unwrap.swift */; };
		18AE30F3DEFBFD18B5F4225B /* Pods_PhongKMMICTests.framework in Frameworks */ = {isa = PBXBuildFile; fileRef = 02CEDF2021F73F4C50DE37B7 /* Pods_PhongKMMICTests.framework */; };
		3160A5DA29F26F260052C223 /* AnimationCompletionModifier.swift in Sources */ = {isa = PBXBuildFile; fileRef = 3160A5D929F26F260052C223 /* AnimationCompletionModifier.swift */; };
		3160A5E129F281040052C223 /* ViewId.swift in Sources */ = {isa = PBXBuildFile; fileRef = 3160A5E029F281040052C223 /* ViewId.swift */; };
		3160A5E529F294D30052C223 /* GenericScreen.swift in Sources */ = {isa = PBXBuildFile; fileRef = 3160A5E229F290310052C223 /* GenericScreen.swift */; };
		3160A5E729F295440052C223 /* ViewId.swift in Sources */ = {isa = PBXBuildFile; fileRef = 3160A5E029F281040052C223 /* ViewId.swift */; };
		3160A5ED29F515910052C223 /* SplashSpec.swift in Sources */ = {isa = PBXBuildFile; fileRef = 3160A5EA29F515730052C223 /* SplashSpec.swift */; };
		3160A5EF29F515C80052C223 /* LogInScreen.swift in Sources */ = {isa = PBXBuildFile; fileRef = 3160A5EE29F515C80052C223 /* LogInScreen.swift */; };
		3160A5F329F51F9F0052C223 /* LaunchArgument.swift in Sources */ = {isa = PBXBuildFile; fileRef = 3160A5F129F51F9F0052C223 /* LaunchArgument.swift */; };
		3160A5F429F51F9F0052C223 /* UITestHelper.swift in Sources */ = {isa = PBXBuildFile; fileRef = 3160A5F229F51F9F0052C223 /* UITestHelper.swift */; };
		3160A5F629F51FC80052C223 /* AppDelegate.swift in Sources */ = {isa = PBXBuildFile; fileRef = 3160A5F529F51FC80052C223 /* AppDelegate.swift */; };
		3160A5F929F643B50052C223 /* Container.swift in Sources */ = {isa = PBXBuildFile; fileRef = 3160A5F829F643B50052C223 /* Container.swift */; };
		3160A5FB29F6625D0052C223 /* Navigator.swift in Sources */ = {isa = PBXBuildFile; fileRef = 3160A5FA29F6625D0052C223 /* Navigator.swift */; };
		3160A5FD29F776F90052C223 /* LogInCombineViewModel.swift in Sources */ = {isa = PBXBuildFile; fileRef = 3160A5FC29F776F90052C223 /* LogInCombineViewModel.swift */; };
		3160A5FF29F7E17F0052C223 /* ProgressAnimationView.swift in Sources */ = {isa = PBXBuildFile; fileRef = 3160A5FE29F7E17F0052C223 /* ProgressAnimationView.swift */; };
		3160A60129F8D0E20052C223 /* LogInSpec.swift in Sources */ = {isa = PBXBuildFile; fileRef = 3160A60029F8D0E20052C223 /* LogInSpec.swift */; };
		3160A60229F8D3A00052C223 /* LaunchArgument.swift in Sources */ = {isa = PBXBuildFile; fileRef = 3160A5F129F51F9F0052C223 /* LaunchArgument.swift */; };
		3160A60329F8D3A00052C223 /* LaunchArgument.swift in Sources */ = {isa = PBXBuildFile; fileRef = 3160A5F129F51F9F0052C223 /* LaunchArgument.swift */; };
		3162022229E5452900ADC0A9 /* SplashView.swift in Sources */ = {isa = PBXBuildFile; fileRef = 3162022129E5452900ADC0A9 /* SplashView.swift */; };
		3162022429E54E3400ADC0A9 /* KMMICApp.swift in Sources */ = {isa = PBXBuildFile; fileRef = 3162022329E54E3400ADC0A9 /* KMMICApp.swift */; };
		3162022629E554AC00ADC0A9 /* ImageResource+SwiftUI.swift in Sources */ = {isa = PBXBuildFile; fileRef = 3162022529E554AC00ADC0A9 /* ImageResource+SwiftUI.swift */; };
		317664622A038AD6000DFD24 /* HomeView.swift in Sources */ = {isa = PBXBuildFile; fileRef = 317664612A038AD6000DFD24 /* HomeView.swift */; };
		317664642A038D3F000DFD24 /* Image+Kingfisher.swift in Sources */ = {isa = PBXBuildFile; fileRef = 317664632A038D3F000DFD24 /* Image+Kingfisher.swift */; };
		317664672A06CADE000DFD24 /* HomeHeaderView.swift in Sources */ = {isa = PBXBuildFile; fileRef = 317664662A06CADE000DFD24 /* HomeHeaderView.swift */; };
		317664692A06CB39000DFD24 /* SurveyContentView.swift in Sources */ = {isa = PBXBuildFile; fileRef = 317664682A06CB39000DFD24 /* SurveyContentView.swift */; };
		3176646B2A06CB7B000DFD24 /* PageViewIndicator.swift in Sources */ = {isa = PBXBuildFile; fileRef = 3176646A2A06CB7B000DFD24 /* PageViewIndicator.swift */; };
		317664782A08A480000DFD24 /* DragGestureVelocity.swift in Sources */ = {isa = PBXBuildFile; fileRef = 317664772A08A480000DFD24 /* DragGestureVelocity.swift */; };
		3176647A2A08A85C000DFD24 /* Collection+SafeIndex.swift in Sources */ = {isa = PBXBuildFile; fileRef = 317664792A08A85C000DFD24 /* Collection+SafeIndex.swift */; };
		317664802A09F6F3000DFD24 /* SkeletonSurveyContentView.swift in Sources */ = {isa = PBXBuildFile; fileRef = 3176647D2A09F6F3000DFD24 /* SkeletonSurveyContentView.swift */; };
		317664812A09F6F3000DFD24 /* SkeletonHomeHeaderView.swift in Sources */ = {isa = PBXBuildFile; fileRef = 3176647E2A09F6F3000DFD24 /* SkeletonHomeHeaderView.swift */; };
		317664822A09F6F3000DFD24 /* SkeletonHomeView.swift in Sources */ = {isa = PBXBuildFile; fileRef = 3176647F2A09F6F3000DFD24 /* SkeletonHomeView.swift */; };
		317664842A09F8BC000DFD24 /* SkeletonTextView.swift in Sources */ = {isa = PBXBuildFile; fileRef = 317664832A09F8BC000DFD24 /* SkeletonTextView.swift */; };
		3186FC9329EFC5A300BA6324 /* LogInView.swift in Sources */ = {isa = PBXBuildFile; fileRef = 3186FC9229EFC5A300BA6324 /* LogInView.swift */; };
		3186FC9629F0D56E00BA6324 /* Localizable.strings in Resources */ = {isa = PBXBuildFile; fileRef = 3186FC9529F0D56D00BA6324 /* Localizable.strings */; };
		3186FC9929F0DBCC00BA6324 /* PrimaryTextFieldModifier.swift in Sources */ = {isa = PBXBuildFile; fileRef = 3186FC9829F0DBCC00BA6324 /* PrimaryTextFieldModifier.swift */; };
		3186FC9B29F0DE6D00BA6324 /* PrimaryButtonModifier.swift in Sources */ = {isa = PBXBuildFile; fileRef = 3186FC9A29F0DE6D00BA6324 /* PrimaryButtonModifier.swift */; };
		3186FC9F29F0E05E00BA6324 /* NeuzeitSLTStd-BookHeavy.otf in Resources */ = {isa = PBXBuildFile; fileRef = 3186FC9D29F0E05E00BA6324 /* NeuzeitSLTStd-BookHeavy.otf */; };
		3186FCA029F0E05E00BA6324 /* NeuzeitSLTStd-Book.otf in Resources */ = {isa = PBXBuildFile; fileRef = 3186FC9E29F0E05E00BA6324 /* NeuzeitSLTStd-Book.otf */; };
		3186FCA329F0E19900BA6324 /* Font+Extension.swift in Sources */ = {isa = PBXBuildFile; fileRef = 3186FCA229F0E19800BA6324 /* Font+Extension.swift */; };
		3186FCA829F124CA00BA6324 /* KoinApplication.swift in Sources */ = {isa = PBXBuildFile; fileRef = 3186FCA729F124CA00BA6324 /* KoinApplication.swift */; };
		3186FCAC29F1390F00BA6324 /* SplashViewModel+ObservableObject.swift in Sources */ = {isa = PBXBuildFile; fileRef = 3186FCAB29F1390F00BA6324 /* SplashViewModel+ObservableObject.swift */; };
		31A4E6CF2A0DDDC900A53B98 /* HomeCombineViewModel.swift in Sources */ = {isa = PBXBuildFile; fileRef = 31A4E6CE2A0DDDC900A53B98 /* HomeCombineViewModel.swift */; };
		31A4E6D12A0E396A00A53B98 /* HomeSpec.swift in Sources */ = {isa = PBXBuildFile; fileRef = 31A4E6D02A0E396A00A53B98 /* HomeSpec.swift */; };
		31A4E6D32A0E3A2500A53B98 /* HomeScreen.swift in Sources */ = {isa = PBXBuildFile; fileRef = 31A4E6D22A0E3A2500A53B98 /* HomeScreen.swift */; };
		31A4E6DB2A11C92B00A53B98 /* SurveyDetailView.swift in Sources */ = {isa = PBXBuildFile; fileRef = 31A4E6DA2A11C92B00A53B98 /* SurveyDetailView.swift */; };
		31A4E6E02A11E9FC00A53B98 /* BlackGradientOverlay.swift in Sources */ = {isa = PBXBuildFile; fileRef = 31A4E6DF2A11E9FC00A53B98 /* BlackGradientOverlay.swift */; };
		31A4E6E22A11F01A00A53B98 /* OnLoadModifier.swift in Sources */ = {isa = PBXBuildFile; fileRef = 31A4E6E12A11F01A00A53B98 /* OnLoadModifier.swift */; };
		31A4E6E52A12137500A53B98 /* SurveyQuestionsView.swift in Sources */ = {isa = PBXBuildFile; fileRef = 31A4E6E42A12137500A53B98 /* SurveyQuestionsView.swift */; };
		31A4E6E82A121B2200A53B98 /* SurveyQuestionContentView.swift in Sources */ = {isa = PBXBuildFile; fileRef = 31A4E6E72A121B2200A53B98 /* SurveyQuestionContentView.swift */; };
		31A4E6EB2A13277D00A53B98 /* EmojiAnswerView.swift in Sources */ = {isa = PBXBuildFile; fileRef = 31A4E6EA2A13277D00A53B98 /* EmojiAnswerView.swift */; };
		31A4E6ED2A13626700A53B98 /* MultipleChoiceAnswerView.swift in Sources */ = {isa = PBXBuildFile; fileRef = 31A4E6EC2A13626700A53B98 /* MultipleChoiceAnswerView.swift */; };
		31A4E6F32A13E39E00A53B98 /* SingleFormAnswerView.swift in Sources */ = {isa = PBXBuildFile; fileRef = 31A4E6F22A13E39E00A53B98 /* SingleFormAnswerView.swift */; };
		31A4E6F52A13EA5000A53B98 /* TextEditor.swift in Sources */ = {isa = PBXBuildFile; fileRef = 31A4E6F42A13EA5000A53B98 /* TextEditor.swift */; };
		31A4E6F12A137D2500A53B98 /* SpinnerAnswerView.swift in Sources */ = {isa = PBXBuildFile; fileRef = 31A4E6F02A137D2500A53B98 /* SpinnerAnswerView.swift */; };
		31A4E6EF2A136D9300A53B98 /* NpsAnswerView.swift in Sources */ = {isa = PBXBuildFile; fileRef = 31A4E6EE2A136D9300A53B98 /* NpsAnswerView.swift */; };
		31CCAF3229F1434100262470 /* Screen.swift in Sources */ = {isa = PBXBuildFile; fileRef = 31CCAF3129F1434100262470 /* Screen.swift */; };
		31CCAF3429F1437400262470 /* AppCoordinator.swift in Sources */ = {isa = PBXBuildFile; fileRef = 31CCAF3329F1437400262470 /* AppCoordinator.swift */; };
		31CCAF3629F1485400262470 /* Transition.swift in Sources */ = {isa = PBXBuildFile; fileRef = 31CCAF3529F1485400262470 /* Transition.swift */; };
		611DBFE850B38FE88E68F30C /* R.generated.swift in Sources */ = {isa = PBXBuildFile; fileRef = C73C08433DD81FE83462A1C6 /* R.generated.swift */; };
		71192B8729C3777843712CE5 /* AutoMockable.generated.swift in Sources */ = {isa = PBXBuildFile; fileRef = 7C64E7A91D374FB49F5DF818 /* AutoMockable.generated.swift */; };
		77C5D668A2E4E5DEC2BDEA9D /* UIView+Subviews.swift in Sources */ = {isa = PBXBuildFile; fileRef = 7501383C06FFD93FF3A1A958 /* UIView+Subviews.swift */; };
		7A64B246013934FEE87CA7A1 /* KIF+Swift.swift in Sources */ = {isa = PBXBuildFile; fileRef = 334282891C0D36A6D4327B36 /* KIF+Swift.swift */; };
		84C3B5ACC1291A99F1B957D1 /* Constants+API.swift in Sources */ = {isa = PBXBuildFile; fileRef = 0823985EE7418542BEC05BCF /* Constants+API.swift */; };
		8BFB62BE4D0088A7E8291553 /* LaunchScreen.storyboard in Resources */ = {isa = PBXBuildFile; fileRef = 4377D1457F31E54B7249CC1F /* LaunchScreen.storyboard */; };
		B2192456CC3F4341C6E3A88E /* Typealiases.swift in Sources */ = {isa = PBXBuildFile; fileRef = FD57BFA23D34A3C40D3E2D41 /* Typealiases.swift */; };
		E03F2686FA102AE2374CDA6F /* OptionalUnwrapSpec.swift in Sources */ = {isa = PBXBuildFile; fileRef = 510252B635DBAEDF9AA36780 /* OptionalUnwrapSpec.swift */; };
		F303DCC8F89C63AF1B0DEE0D /* Color+Application.swift in Sources */ = {isa = PBXBuildFile; fileRef = C12B018E35346D91B13B3489 /* Color+Application.swift */; };
		F34C4C40440D671881D66331 /* Assets.xcassets in Resources */ = {isa = PBXBuildFile; fileRef = C11A22E729ABDCE212BF0B0F /* Assets.xcassets */; };
		F44AFCF0791051F3593E7913 /* Pods_PhongKMMIC.framework in Frameworks */ = {isa = PBXBuildFile; fileRef = 20A73F67761017862715D1D4 /* Pods_PhongKMMIC.framework */; };
		FA2178E2737B9CA31A70F844 /* Constants.swift in Sources */ = {isa = PBXBuildFile; fileRef = A90A6A786E1A9C282081AC2E /* Constants.swift */; };
/* End PBXBuildFile section */

/* Begin PBXContainerItemProxy section */
		00FEF8F9CFBF341FC5E99195 /* PBXContainerItemProxy */ = {
			isa = PBXContainerItemProxy;
			containerPortal = 802BC2FC44B4E4EEA06FF552 /* Project object */;
			proxyType = 1;
			remoteGlobalIDString = 21482D2BFCDF2882B648A64F;
			remoteInfo = PhongKMMIC;
		};
		73F4F181AC0A9BCAF0905668 /* PBXContainerItemProxy */ = {
			isa = PBXContainerItemProxy;
			containerPortal = 802BC2FC44B4E4EEA06FF552 /* Project object */;
			proxyType = 1;
			remoteGlobalIDString = 21482D2BFCDF2882B648A64F;
			remoteInfo = PhongKMMIC;
		};
/* End PBXContainerItemProxy section */

/* Begin PBXCopyFilesBuildPhase section */
		4764B2C3F43513B596FACAC8 /* Embed Frameworks */ = {
			isa = PBXCopyFilesBuildPhase;
			buildActionMask = 2147483647;
			dstPath = "";
			dstSubfolderSpec = 10;
			files = (
			);
			name = "Embed Frameworks";
			runOnlyForDeploymentPostprocessing = 0;
		};
		6AF6A86DD06D97CCD48B6486 /* Embed Frameworks */ = {
			isa = PBXCopyFilesBuildPhase;
			buildActionMask = 2147483647;
			dstPath = "";
			dstSubfolderSpec = 10;
			files = (
			);
			name = "Embed Frameworks";
			runOnlyForDeploymentPostprocessing = 0;
		};
		909C2329BC2C71221EBE3013 /* Embed Frameworks */ = {
			isa = PBXCopyFilesBuildPhase;
			buildActionMask = 2147483647;
			dstPath = "";
			dstSubfolderSpec = 10;
			files = (
			);
			name = "Embed Frameworks";
			runOnlyForDeploymentPostprocessing = 0;
		};
/* End PBXCopyFilesBuildPhase section */

/* Begin PBXFileReference section */
		0062F13459A029E966B2B7D5 /* Pods-PhongKMMIC.release production.xcconfig */ = {isa = PBXFileReference; includeInIndex = 1; lastKnownFileType = text.xcconfig; name = "Pods-PhongKMMIC.release production.xcconfig"; path = "Target Support Files/Pods-PhongKMMIC/Pods-PhongKMMIC.release production.xcconfig"; sourceTree = "<group>"; };
		02CEDF2021F73F4C50DE37B7 /* Pods_PhongKMMICTests.framework */ = {isa = PBXFileReference; explicitFileType = wrapper.framework; includeInIndex = 0; path = Pods_PhongKMMICTests.framework; sourceTree = BUILT_PRODUCTS_DIR; };
		0475F21C5BDA70F7915C786F /* ReleaseProduction.xcconfig */ = {isa = PBXFileReference; lastKnownFileType = text.xcconfig; path = ReleaseProduction.xcconfig; sourceTree = "<group>"; };
		054955D5FC8BA5FB01DC2E0C /* Pods_PhongKMMICKIFUITests.framework */ = {isa = PBXFileReference; explicitFileType = wrapper.framework; includeInIndex = 0; path = Pods_PhongKMMICKIFUITests.framework; sourceTree = BUILT_PRODUCTS_DIR; };
		0823985EE7418542BEC05BCF /* Constants+API.swift */ = {isa = PBXFileReference; lastKnownFileType = sourcecode.swift; path = "Constants+API.swift"; sourceTree = "<group>"; };
		1731A578C5658AB66427EF0B /* Pods-PhongKMMIC.debug production.xcconfig */ = {isa = PBXFileReference; includeInIndex = 1; lastKnownFileType = text.xcconfig; name = "Pods-PhongKMMIC.debug production.xcconfig"; path = "Target Support Files/Pods-PhongKMMIC/Pods-PhongKMMIC.debug production.xcconfig"; sourceTree = "<group>"; };
		1C43800FA1C06902E9C72FB5 /* PhongKMMICKIFUITests.xctest */ = {isa = PBXFileReference; explicitFileType = wrapper.cfbundle; includeInIndex = 0; path = PhongKMMICKIFUITests.xctest; sourceTree = BUILT_PRODUCTS_DIR; };
		20A73F67761017862715D1D4 /* Pods_PhongKMMIC.framework */ = {isa = PBXFileReference; explicitFileType = wrapper.framework; includeInIndex = 0; path = Pods_PhongKMMIC.framework; sourceTree = BUILT_PRODUCTS_DIR; };
		268658C462D68B97AE171092 /* Pods-PhongKMMICKIFUITests.debug staging.xcconfig */ = {isa = PBXFileReference; includeInIndex = 1; lastKnownFileType = text.xcconfig; name = "Pods-PhongKMMICKIFUITests.debug staging.xcconfig"; path = "Target Support Files/Pods-PhongKMMICKIFUITests/Pods-PhongKMMICKIFUITests.debug staging.xcconfig"; sourceTree = "<group>"; };
		2CFCD9FF72A4C478557D5A7C /* Pods-PhongKMMICTests.release production.xcconfig */ = {isa = PBXFileReference; includeInIndex = 1; lastKnownFileType = text.xcconfig; name = "Pods-PhongKMMICTests.release production.xcconfig"; path = "Target Support Files/Pods-PhongKMMICTests/Pods-PhongKMMICTests.release production.xcconfig"; sourceTree = "<group>"; };
		2F061D81C6E75E2202EE2C63 /* Info.plist */ = {isa = PBXFileReference; lastKnownFileType = text.plist; path = Info.plist; sourceTree = "<group>"; };
		3160A5D929F26F260052C223 /* AnimationCompletionModifier.swift */ = {isa = PBXFileReference; lastKnownFileType = sourcecode.swift; path = AnimationCompletionModifier.swift; sourceTree = "<group>"; };
		3160A5E029F281040052C223 /* ViewId.swift */ = {isa = PBXFileReference; lastKnownFileType = sourcecode.swift; path = ViewId.swift; sourceTree = "<group>"; };
		3160A5E229F290310052C223 /* GenericScreen.swift */ = {isa = PBXFileReference; lastKnownFileType = sourcecode.swift; path = GenericScreen.swift; sourceTree = "<group>"; };
		3160A5EA29F515730052C223 /* SplashSpec.swift */ = {isa = PBXFileReference; lastKnownFileType = sourcecode.swift; path = SplashSpec.swift; sourceTree = "<group>"; };
		3160A5EE29F515C80052C223 /* LogInScreen.swift */ = {isa = PBXFileReference; lastKnownFileType = sourcecode.swift; path = LogInScreen.swift; sourceTree = "<group>"; };
		3160A5F129F51F9F0052C223 /* LaunchArgument.swift */ = {isa = PBXFileReference; fileEncoding = 4; lastKnownFileType = sourcecode.swift; path = LaunchArgument.swift; sourceTree = "<group>"; };
		3160A5F229F51F9F0052C223 /* UITestHelper.swift */ = {isa = PBXFileReference; fileEncoding = 4; lastKnownFileType = sourcecode.swift; path = UITestHelper.swift; sourceTree = "<group>"; };
		3160A5F529F51FC80052C223 /* AppDelegate.swift */ = {isa = PBXFileReference; lastKnownFileType = sourcecode.swift; path = AppDelegate.swift; sourceTree = "<group>"; };
		3160A5F829F643B50052C223 /* Container.swift */ = {isa = PBXFileReference; lastKnownFileType = sourcecode.swift; path = Container.swift; sourceTree = "<group>"; };
		3160A5FA29F6625D0052C223 /* Navigator.swift */ = {isa = PBXFileReference; lastKnownFileType = sourcecode.swift; path = Navigator.swift; sourceTree = "<group>"; };
		3160A5FC29F776F90052C223 /* LogInCombineViewModel.swift */ = {isa = PBXFileReference; lastKnownFileType = sourcecode.swift; path = LogInCombineViewModel.swift; sourceTree = "<group>"; };
		3160A5FE29F7E17F0052C223 /* ProgressAnimationView.swift */ = {isa = PBXFileReference; lastKnownFileType = sourcecode.swift; path = ProgressAnimationView.swift; sourceTree = "<group>"; };
		3160A60029F8D0E20052C223 /* LogInSpec.swift */ = {isa = PBXFileReference; lastKnownFileType = sourcecode.swift; path = LogInSpec.swift; sourceTree = "<group>"; };
		3162022129E5452900ADC0A9 /* SplashView.swift */ = {isa = PBXFileReference; lastKnownFileType = sourcecode.swift; path = SplashView.swift; sourceTree = "<group>"; };
		3162022329E54E3400ADC0A9 /* KMMICApp.swift */ = {isa = PBXFileReference; lastKnownFileType = sourcecode.swift; path = KMMICApp.swift; sourceTree = "<group>"; };
		3162022529E554AC00ADC0A9 /* ImageResource+SwiftUI.swift */ = {isa = PBXFileReference; lastKnownFileType = sourcecode.swift; path = "ImageResource+SwiftUI.swift"; sourceTree = "<group>"; };
		317664612A038AD6000DFD24 /* HomeView.swift */ = {isa = PBXFileReference; lastKnownFileType = sourcecode.swift; path = HomeView.swift; sourceTree = "<group>"; };
		317664632A038D3F000DFD24 /* Image+Kingfisher.swift */ = {isa = PBXFileReference; lastKnownFileType = sourcecode.swift; path = "Image+Kingfisher.swift"; sourceTree = "<group>"; };
		317664662A06CADE000DFD24 /* HomeHeaderView.swift */ = {isa = PBXFileReference; lastKnownFileType = sourcecode.swift; path = HomeHeaderView.swift; sourceTree = "<group>"; };
		317664682A06CB39000DFD24 /* SurveyContentView.swift */ = {isa = PBXFileReference; lastKnownFileType = sourcecode.swift; path = SurveyContentView.swift; sourceTree = "<group>"; };
		3176646A2A06CB7B000DFD24 /* PageViewIndicator.swift */ = {isa = PBXFileReference; lastKnownFileType = sourcecode.swift; path = PageViewIndicator.swift; sourceTree = "<group>"; };
		317664772A08A480000DFD24 /* DragGestureVelocity.swift */ = {isa = PBXFileReference; lastKnownFileType = sourcecode.swift; path = DragGestureVelocity.swift; sourceTree = "<group>"; };
		317664792A08A85C000DFD24 /* Collection+SafeIndex.swift */ = {isa = PBXFileReference; lastKnownFileType = sourcecode.swift; path = "Collection+SafeIndex.swift"; sourceTree = "<group>"; };
		3176647D2A09F6F3000DFD24 /* SkeletonSurveyContentView.swift */ = {isa = PBXFileReference; fileEncoding = 4; lastKnownFileType = sourcecode.swift; path = SkeletonSurveyContentView.swift; sourceTree = "<group>"; };
		3176647E2A09F6F3000DFD24 /* SkeletonHomeHeaderView.swift */ = {isa = PBXFileReference; fileEncoding = 4; lastKnownFileType = sourcecode.swift; path = SkeletonHomeHeaderView.swift; sourceTree = "<group>"; };
		3176647F2A09F6F3000DFD24 /* SkeletonHomeView.swift */ = {isa = PBXFileReference; fileEncoding = 4; lastKnownFileType = sourcecode.swift; path = SkeletonHomeView.swift; sourceTree = "<group>"; };
		317664832A09F8BC000DFD24 /* SkeletonTextView.swift */ = {isa = PBXFileReference; fileEncoding = 4; lastKnownFileType = sourcecode.swift; path = SkeletonTextView.swift; sourceTree = "<group>"; };
		3186FC9229EFC5A300BA6324 /* LogInView.swift */ = {isa = PBXFileReference; lastKnownFileType = sourcecode.swift; path = LogInView.swift; sourceTree = "<group>"; };
		3186FC9529F0D56D00BA6324 /* Localizable.strings */ = {isa = PBXFileReference; lastKnownFileType = text.plist.strings; path = Localizable.strings; sourceTree = "<group>"; };
		3186FC9829F0DBCC00BA6324 /* PrimaryTextFieldModifier.swift */ = {isa = PBXFileReference; lastKnownFileType = sourcecode.swift; path = PrimaryTextFieldModifier.swift; sourceTree = "<group>"; };
		3186FC9A29F0DE6D00BA6324 /* PrimaryButtonModifier.swift */ = {isa = PBXFileReference; lastKnownFileType = sourcecode.swift; path = PrimaryButtonModifier.swift; sourceTree = "<group>"; };
		3186FC9D29F0E05E00BA6324 /* NeuzeitSLTStd-BookHeavy.otf */ = {isa = PBXFileReference; lastKnownFileType = file; path = "NeuzeitSLTStd-BookHeavy.otf"; sourceTree = "<group>"; };
		3186FC9E29F0E05E00BA6324 /* NeuzeitSLTStd-Book.otf */ = {isa = PBXFileReference; lastKnownFileType = file; path = "NeuzeitSLTStd-Book.otf"; sourceTree = "<group>"; };
		3186FCA229F0E19800BA6324 /* Font+Extension.swift */ = {isa = PBXFileReference; lastKnownFileType = sourcecode.swift; path = "Font+Extension.swift"; sourceTree = "<group>"; };
		3186FCA729F124CA00BA6324 /* KoinApplication.swift */ = {isa = PBXFileReference; lastKnownFileType = sourcecode.swift; path = KoinApplication.swift; sourceTree = "<group>"; };
		3186FCAB29F1390F00BA6324 /* SplashViewModel+ObservableObject.swift */ = {isa = PBXFileReference; lastKnownFileType = sourcecode.swift; path = "SplashViewModel+ObservableObject.swift"; sourceTree = "<group>"; };
		31A4E6CE2A0DDDC900A53B98 /* HomeCombineViewModel.swift */ = {isa = PBXFileReference; lastKnownFileType = sourcecode.swift; path = HomeCombineViewModel.swift; sourceTree = "<group>"; };
		31A4E6D02A0E396A00A53B98 /* HomeSpec.swift */ = {isa = PBXFileReference; lastKnownFileType = sourcecode.swift; path = HomeSpec.swift; sourceTree = "<group>"; };
		31A4E6D22A0E3A2500A53B98 /* HomeScreen.swift */ = {isa = PBXFileReference; lastKnownFileType = sourcecode.swift; path = HomeScreen.swift; sourceTree = "<group>"; };
		31A4E6DA2A11C92B00A53B98 /* SurveyDetailView.swift */ = {isa = PBXFileReference; lastKnownFileType = sourcecode.swift; path = SurveyDetailView.swift; sourceTree = "<group>"; };
		31A4E6DF2A11E9FC00A53B98 /* BlackGradientOverlay.swift */ = {isa = PBXFileReference; lastKnownFileType = sourcecode.swift; path = BlackGradientOverlay.swift; sourceTree = "<group>"; };
		31A4E6E12A11F01A00A53B98 /* OnLoadModifier.swift */ = {isa = PBXFileReference; lastKnownFileType = sourcecode.swift; path = OnLoadModifier.swift; sourceTree = "<group>"; };
		31A4E6E42A12137500A53B98 /* SurveyQuestionsView.swift */ = {isa = PBXFileReference; lastKnownFileType = sourcecode.swift; path = SurveyQuestionsView.swift; sourceTree = "<group>"; };
		31A4E6E72A121B2200A53B98 /* SurveyQuestionContentView.swift */ = {isa = PBXFileReference; lastKnownFileType = sourcecode.swift; path = SurveyQuestionContentView.swift; sourceTree = "<group>"; };
		31A4E6EA2A13277D00A53B98 /* EmojiAnswerView.swift */ = {isa = PBXFileReference; lastKnownFileType = sourcecode.swift; path = EmojiAnswerView.swift; sourceTree = "<group>"; };
		31A4E6EC2A13626700A53B98 /* MultipleChoiceAnswerView.swift */ = {isa = PBXFileReference; lastKnownFileType = sourcecode.swift; path = MultipleChoiceAnswerView.swift; sourceTree = "<group>"; };
		31A4E6F22A13E39E00A53B98 /* SingleFormAnswerView.swift */ = {isa = PBXFileReference; lastKnownFileType = sourcecode.swift; path = SingleFormAnswerView.swift; sourceTree = "<group>"; };
		31A4E6F42A13EA5000A53B98 /* TextEditor.swift */ = {isa = PBXFileReference; lastKnownFileType = sourcecode.swift; path = TextEditor.swift; sourceTree = "<group>"; };
		31A4E6F02A137D2500A53B98 /* SpinnerAnswerView.swift */ = {isa = PBXFileReference; lastKnownFileType = sourcecode.swift; path = SpinnerAnswerView.swift; sourceTree = "<group>"; };
		31A4E6EE2A136D9300A53B98 /* NpsAnswerView.swift */ = {isa = PBXFileReference; lastKnownFileType = sourcecode.swift; path = NpsAnswerView.swift; sourceTree = "<group>"; };
		31CCAF3129F1434100262470 /* Screen.swift */ = {isa = PBXFileReference; lastKnownFileType = sourcecode.swift; path = Screen.swift; sourceTree = "<group>"; };
		31CCAF3329F1437400262470 /* AppCoordinator.swift */ = {isa = PBXFileReference; lastKnownFileType = sourcecode.swift; path = AppCoordinator.swift; sourceTree = "<group>"; };
		31CCAF3529F1485400262470 /* Transition.swift */ = {isa = PBXFileReference; lastKnownFileType = sourcecode.swift; path = Transition.swift; sourceTree = "<group>"; };
		334282891C0D36A6D4327B36 /* KIF+Swift.swift */ = {isa = PBXFileReference; lastKnownFileType = sourcecode.swift; path = "KIF+Swift.swift"; sourceTree = "<group>"; };
		39E3FD88B495FB06587EC1DB /* Pods-PhongKMMIC.debug staging.xcconfig */ = {isa = PBXFileReference; includeInIndex = 1; lastKnownFileType = text.xcconfig; name = "Pods-PhongKMMIC.debug staging.xcconfig"; path = "Target Support Files/Pods-PhongKMMIC/Pods-PhongKMMIC.debug staging.xcconfig"; sourceTree = "<group>"; };
		4377D1457F31E54B7249CC1F /* LaunchScreen.storyboard */ = {isa = PBXFileReference; lastKnownFileType = file.storyboard; path = LaunchScreen.storyboard; sourceTree = "<group>"; };
		510252B635DBAEDF9AA36780 /* OptionalUnwrapSpec.swift */ = {isa = PBXFileReference; lastKnownFileType = sourcecode.swift; path = OptionalUnwrapSpec.swift; sourceTree = "<group>"; };
		5E408EDAC1691C4BAB2E4226 /* Pods-PhongKMMICTests.release staging.xcconfig */ = {isa = PBXFileReference; includeInIndex = 1; lastKnownFileType = text.xcconfig; name = "Pods-PhongKMMICTests.release staging.xcconfig"; path = "Target Support Files/Pods-PhongKMMICTests/Pods-PhongKMMICTests.release staging.xcconfig"; sourceTree = "<group>"; };
		62F90FED8EBAAF0252C972E2 /* ReleaseStaging.xcconfig */ = {isa = PBXFileReference; lastKnownFileType = text.xcconfig; path = ReleaseStaging.xcconfig; sourceTree = "<group>"; };
		6A0811B8C5B15866929DD19C /* Pods-PhongKMMICTests.debug production.xcconfig */ = {isa = PBXFileReference; includeInIndex = 1; lastKnownFileType = text.xcconfig; name = "Pods-PhongKMMICTests.debug production.xcconfig"; path = "Target Support Files/Pods-PhongKMMICTests/Pods-PhongKMMICTests.debug production.xcconfig"; sourceTree = "<group>"; };
		6D4AE031591964609DCDA356 /* DebugStaging.xcconfig */ = {isa = PBXFileReference; lastKnownFileType = text.xcconfig; path = DebugStaging.xcconfig; sourceTree = "<group>"; };
		6F9070E83C0CCB4FB11D49EA /* PhongKMMIC.app */ = {isa = PBXFileReference; explicitFileType = wrapper.application; includeInIndex = 0; path = PhongKMMIC.app; sourceTree = BUILT_PRODUCTS_DIR; };
		7501383C06FFD93FF3A1A958 /* UIView+Subviews.swift */ = {isa = PBXFileReference; lastKnownFileType = sourcecode.swift; path = "UIView+Subviews.swift"; sourceTree = "<group>"; };
		7C64E7A91D374FB49F5DF818 /* AutoMockable.generated.swift */ = {isa = PBXFileReference; lastKnownFileType = sourcecode.swift; path = AutoMockable.generated.swift; sourceTree = "<group>"; };
		7DD5748A8B05C96D88B35D5C /* Info.plist */ = {isa = PBXFileReference; lastKnownFileType = text.plist; path = Info.plist; sourceTree = "<group>"; };
		836C6F51FD4FD7E18FE93DFD /* Pods-PhongKMMIC.release staging.xcconfig */ = {isa = PBXFileReference; includeInIndex = 1; lastKnownFileType = text.xcconfig; name = "Pods-PhongKMMIC.release staging.xcconfig"; path = "Target Support Files/Pods-PhongKMMIC/Pods-PhongKMMIC.release staging.xcconfig"; sourceTree = "<group>"; };
		8885601E94A1B6D96FFBD821 /* Pods-PhongKMMICKIFUITests.debug production.xcconfig */ = {isa = PBXFileReference; includeInIndex = 1; lastKnownFileType = text.xcconfig; name = "Pods-PhongKMMICKIFUITests.debug production.xcconfig"; path = "Target Support Files/Pods-PhongKMMICKIFUITests/Pods-PhongKMMICKIFUITests.debug production.xcconfig"; sourceTree = "<group>"; };
		8BF084342E42D37651E9E7D5 /* DebugProduction.xcconfig */ = {isa = PBXFileReference; lastKnownFileType = text.xcconfig; path = DebugProduction.xcconfig; sourceTree = "<group>"; };
		91B838D38AF82AC05A5DB7D4 /* Info.plist */ = {isa = PBXFileReference; lastKnownFileType = text.plist; path = Info.plist; sourceTree = "<group>"; };
		A43479D241427EDCF3250BEE /* Pods-PhongKMMIC-PhongKMMICKIFUITests.debug production.xcconfig */ = {isa = PBXFileReference; includeInIndex = 1; lastKnownFileType = text.xcconfig; name = "Pods-PhongKMMIC-PhongKMMICKIFUITests.debug production.xcconfig"; path = "Target Support Files/Pods-PhongKMMIC-PhongKMMICKIFUITests/Pods-PhongKMMIC-PhongKMMICKIFUITests.debug production.xcconfig"; sourceTree = "<group>"; };
		A90A6A786E1A9C282081AC2E /* Constants.swift */ = {isa = PBXFileReference; lastKnownFileType = sourcecode.swift; path = Constants.swift; sourceTree = "<group>"; };
		B328AF4726E0923344754B8E /* Pods-PhongKMMIC-PhongKMMICKIFUITests.debug staging.xcconfig */ = {isa = PBXFileReference; includeInIndex = 1; lastKnownFileType = text.xcconfig; name = "Pods-PhongKMMIC-PhongKMMICKIFUITests.debug staging.xcconfig"; path = "Target Support Files/Pods-PhongKMMIC-PhongKMMICKIFUITests/Pods-PhongKMMIC-PhongKMMICKIFUITests.debug staging.xcconfig"; sourceTree = "<group>"; };
		C11A22E729ABDCE212BF0B0F /* Assets.xcassets */ = {isa = PBXFileReference; lastKnownFileType = folder.assetcatalog; path = Assets.xcassets; sourceTree = "<group>"; };
		C12B018E35346D91B13B3489 /* Color+Application.swift */ = {isa = PBXFileReference; lastKnownFileType = sourcecode.swift; path = "Color+Application.swift"; sourceTree = "<group>"; };
		C57E97FDA8B03535C0EC82C5 /* Pods-PhongKMMIC-PhongKMMICKIFUITests.release staging.xcconfig */ = {isa = PBXFileReference; includeInIndex = 1; lastKnownFileType = text.xcconfig; name = "Pods-PhongKMMIC-PhongKMMICKIFUITests.release staging.xcconfig"; path = "Target Support Files/Pods-PhongKMMIC-PhongKMMICKIFUITests/Pods-PhongKMMIC-PhongKMMICKIFUITests.release staging.xcconfig"; sourceTree = "<group>"; };
		C73C08433DD81FE83462A1C6 /* R.generated.swift */ = {isa = PBXFileReference; lastKnownFileType = sourcecode.swift; path = R.generated.swift; sourceTree = "<group>"; };
		C97DE79233E575D3F6F31BBD /* Pods-PhongKMMICKIFUITests.release staging.xcconfig */ = {isa = PBXFileReference; includeInIndex = 1; lastKnownFileType = text.xcconfig; name = "Pods-PhongKMMICKIFUITests.release staging.xcconfig"; path = "Target Support Files/Pods-PhongKMMICKIFUITests/Pods-PhongKMMICKIFUITests.release staging.xcconfig"; sourceTree = "<group>"; };
		D067F7CB8B1319DDC60BA3BC /* Pods-PhongKMMICTests.debug staging.xcconfig */ = {isa = PBXFileReference; includeInIndex = 1; lastKnownFileType = text.xcconfig; name = "Pods-PhongKMMICTests.debug staging.xcconfig"; path = "Target Support Files/Pods-PhongKMMICTests/Pods-PhongKMMICTests.debug staging.xcconfig"; sourceTree = "<group>"; };
		D4EC7C30990A7EC2F97938D3 /* Pods-PhongKMMICKIFUITests.release production.xcconfig */ = {isa = PBXFileReference; includeInIndex = 1; lastKnownFileType = text.xcconfig; name = "Pods-PhongKMMICKIFUITests.release production.xcconfig"; path = "Target Support Files/Pods-PhongKMMICKIFUITests/Pods-PhongKMMICKIFUITests.release production.xcconfig"; sourceTree = "<group>"; };
		D5C050389BDC52AAFB296D63 /* Optional+Unwrap.swift */ = {isa = PBXFileReference; lastKnownFileType = sourcecode.swift; path = "Optional+Unwrap.swift"; sourceTree = "<group>"; };
		F5F8B2474D5157C4356B9285 /* PhongKMMICTests.xctest */ = {isa = PBXFileReference; explicitFileType = wrapper.cfbundle; includeInIndex = 0; path = PhongKMMICTests.xctest; sourceTree = BUILT_PRODUCTS_DIR; };
		FD57BFA23D34A3C40D3E2D41 /* Typealiases.swift */ = {isa = PBXFileReference; lastKnownFileType = sourcecode.swift; path = Typealiases.swift; sourceTree = "<group>"; };
		FF8D75FD487392E90C0E6F9C /* Pods-PhongKMMIC-PhongKMMICKIFUITests.release production.xcconfig */ = {isa = PBXFileReference; includeInIndex = 1; lastKnownFileType = text.xcconfig; name = "Pods-PhongKMMIC-PhongKMMICKIFUITests.release production.xcconfig"; path = "Target Support Files/Pods-PhongKMMIC-PhongKMMICKIFUITests/Pods-PhongKMMIC-PhongKMMICKIFUITests.release production.xcconfig"; sourceTree = "<group>"; };
/* End PBXFileReference section */

/* Begin PBXFrameworksBuildPhase section */
		01930CDF476AB76447804CE1 /* Frameworks */ = {
			isa = PBXFrameworksBuildPhase;
			buildActionMask = 2147483647;
			files = (
				105624BF652ECD0330600F22 /* Pods_PhongKMMICKIFUITests.framework in Frameworks */,
			);
			runOnlyForDeploymentPostprocessing = 0;
		};
		643936B47693F18F4BB5A72C /* Frameworks */ = {
			isa = PBXFrameworksBuildPhase;
			buildActionMask = 2147483647;
			files = (
				18AE30F3DEFBFD18B5F4225B /* Pods_PhongKMMICTests.framework in Frameworks */,
			);
			runOnlyForDeploymentPostprocessing = 0;
		};
		B008B34048618904D36E9703 /* Frameworks */ = {
			isa = PBXFrameworksBuildPhase;
			buildActionMask = 2147483647;
			files = (
				F44AFCF0791051F3593E7913 /* Pods_PhongKMMIC.framework in Frameworks */,
			);
			runOnlyForDeploymentPostprocessing = 0;
		};
/* End PBXFrameworksBuildPhase section */

/* Begin PBXGroup section */
		036C23918D219B8C29751756 = {
			isa = PBXGroup;
			children = (
				DCAC463D7DD2ADFDDF952A3E /* Project */,
				A375F368AEAFBE770A8FAD41 /* Frameworks */,
				9A7EDD73ADA3D4453A6C00A2 /* Products */,
				0EA181A5C6D118DDBA7FE91C /* Pods */,
			);
			sourceTree = "<group>";
		};
		0E5D20A0A17306669F5A80A6 /* Typealiases */ = {
			isa = PBXGroup;
			children = (
				FD57BFA23D34A3C40D3E2D41 /* Typealiases.swift */,
			);
			path = Typealiases;
			sourceTree = "<group>";
		};
		0E6F440D50B37C0E6748A3E4 /* PhongKMMIC */ = {
			isa = PBXGroup;
			children = (
				0E837E2DB08880EFE309D18E /* Configurations */,
				5772ADBB5E564DB146E3C72E /* Resources */,
				C10F49559D545B37D8201510 /* Sources */,
			);
			path = PhongKMMIC;
			sourceTree = "<group>";
		};
		0E837E2DB08880EFE309D18E /* Configurations */ = {
			isa = PBXGroup;
			children = (
				85293E435BDCEC0937A61109 /* Plists */,
				2489F18329CF6284949B0198 /* XCConfigs */,
			);
			path = Configurations;
			sourceTree = "<group>";
		};
		0EA181A5C6D118DDBA7FE91C /* Pods */ = {
			isa = PBXGroup;
			children = (
				1731A578C5658AB66427EF0B /* Pods-PhongKMMIC.debug production.xcconfig */,
				39E3FD88B495FB06587EC1DB /* Pods-PhongKMMIC.debug staging.xcconfig */,
				0062F13459A029E966B2B7D5 /* Pods-PhongKMMIC.release production.xcconfig */,
				836C6F51FD4FD7E18FE93DFD /* Pods-PhongKMMIC.release staging.xcconfig */,
				A43479D241427EDCF3250BEE /* Pods-PhongKMMIC-PhongKMMICKIFUITests.debug production.xcconfig */,
				B328AF4726E0923344754B8E /* Pods-PhongKMMIC-PhongKMMICKIFUITests.debug staging.xcconfig */,
				FF8D75FD487392E90C0E6F9C /* Pods-PhongKMMIC-PhongKMMICKIFUITests.release production.xcconfig */,
				C57E97FDA8B03535C0EC82C5 /* Pods-PhongKMMIC-PhongKMMICKIFUITests.release staging.xcconfig */,
				6A0811B8C5B15866929DD19C /* Pods-PhongKMMICTests.debug production.xcconfig */,
				D067F7CB8B1319DDC60BA3BC /* Pods-PhongKMMICTests.debug staging.xcconfig */,
				2CFCD9FF72A4C478557D5A7C /* Pods-PhongKMMICTests.release production.xcconfig */,
				5E408EDAC1691C4BAB2E4226 /* Pods-PhongKMMICTests.release staging.xcconfig */,
				8885601E94A1B6D96FFBD821 /* Pods-PhongKMMICKIFUITests.debug production.xcconfig */,
				268658C462D68B97AE171092 /* Pods-PhongKMMICKIFUITests.debug staging.xcconfig */,
				D4EC7C30990A7EC2F97938D3 /* Pods-PhongKMMICKIFUITests.release production.xcconfig */,
				C97DE79233E575D3F6F31BBD /* Pods-PhongKMMICKIFUITests.release staging.xcconfig */,
			);
			path = Pods;
			sourceTree = "<group>";
		};
		1897F648E5067C722168F035 /* Presentation */ = {
			isa = PBXGroup;
			children = (
				3160A5DF29F280ED0052C223 /* ViewId */,
				31CCAF3029F1433100262470 /* Coordinator */,
				3186FC9729F0DBB200BA6324 /* ViewModifiers */,
				2C32AE50139780CA9EDCB9CB /* Modules */,
				635055C169484AB30B511330 /* Views */,
			);
			path = Presentation;
			sourceTree = "<group>";
		};
		2074C7892363D15515DCB790 /* Extensions */ = {
			isa = PBXGroup;
			children = (
				8479364A9ECB222627A600EC /* Foundation */,
			);
			path = Extensions;
			sourceTree = "<group>";
		};
		2489F18329CF6284949B0198 /* XCConfigs */ = {
			isa = PBXGroup;
			children = (
				8BF084342E42D37651E9E7D5 /* DebugProduction.xcconfig */,
				6D4AE031591964609DCDA356 /* DebugStaging.xcconfig */,
				0475F21C5BDA70F7915C786F /* ReleaseProduction.xcconfig */,
				62F90FED8EBAAF0252C972E2 /* ReleaseStaging.xcconfig */,
			);
			path = XCConfigs;
			sourceTree = "<group>";
		};
		27AEB4F0BC9508430A5A3D90 /* Utilities */ = {
			isa = PBXGroup;
			children = (
			);
			path = Utilities;
			sourceTree = "<group>";
		};
		2C32AE50139780CA9EDCB9CB /* Modules */ = {
			isa = PBXGroup;
			children = (
				31A4E6E32A1212A700A53B98 /* SurveyQuestions */,
				31A4E6D92A11C84600A53B98 /* SurveyDetail */,
				3176647B2A09F6F3000DFD24 /* SurveyLoadingSkeleton */,
				317664602A038AC8000DFD24 /* Home */,
				3186FC9129EFAB7400BA6324 /* LogIn */,
				3162022029E5451400ADC0A9 /* Splash */,
			);
			path = Modules;
			sourceTree = "<group>";
		};
		3160A5DB29F27F9E0052C223 /* Screens */ = {
			isa = PBXGroup;
			children = (
				3160A5E229F290310052C223 /* GenericScreen.swift */,
				3160A5EE29F515C80052C223 /* LogInScreen.swift */,
				31A4E6D22A0E3A2500A53B98 /* HomeScreen.swift */,
			);
			path = Screens;
			sourceTree = "<group>";
		};
		3160A5DF29F280ED0052C223 /* ViewId */ = {
			isa = PBXGroup;
			children = (
				3160A5E029F281040052C223 /* ViewId.swift */,
			);
			path = ViewId;
			sourceTree = "<group>";
		};
		3160A5E829F298A60052C223 /* Presentation */ = {
			isa = PBXGroup;
			children = (
				3160A5E929F298C50052C223 /* Module */,
			);
			path = Presentation;
			sourceTree = "<group>";
		};
		3160A5E929F298C50052C223 /* Module */ = {
			isa = PBXGroup;
			children = (
				3160A5EA29F515730052C223 /* SplashSpec.swift */,
				3160A60029F8D0E20052C223 /* LogInSpec.swift */,
				31A4E6D02A0E396A00A53B98 /* HomeSpec.swift */,
			);
			path = Module;
			sourceTree = "<group>";
		};
		3160A5F029F51F8D0052C223 /* UITests */ = {
			isa = PBXGroup;
			children = (
				3160A5F129F51F9F0052C223 /* LaunchArgument.swift */,
				3160A5F229F51F9F0052C223 /* UITestHelper.swift */,
			);
			path = UITests;
			sourceTree = "<group>";
		};
		3160A5F729F643850052C223 /* DI */ = {
			isa = PBXGroup;
			children = (
				3160A5F829F643B50052C223 /* Container.swift */,
			);
			path = DI;
			sourceTree = "<group>";
		};
		3162022029E5451400ADC0A9 /* Splash */ = {
			isa = PBXGroup;
			children = (
				3162022129E5452900ADC0A9 /* SplashView.swift */,
			);
			path = Splash;
			sourceTree = "<group>";
		};
		317664602A038AC8000DFD24 /* Home */ = {
			isa = PBXGroup;
			children = (
				317664652A06CACE000DFD24 /* Views */,
				317664612A038AD6000DFD24 /* HomeView.swift */,
				31A4E6CE2A0DDDC900A53B98 /* HomeCombineViewModel.swift */,
			);
			path = Home;
			sourceTree = "<group>";
		};
		317664652A06CACE000DFD24 /* Views */ = {
			isa = PBXGroup;
			children = (
				317664662A06CADE000DFD24 /* HomeHeaderView.swift */,
				317664682A06CB39000DFD24 /* SurveyContentView.swift */,
				3176646A2A06CB7B000DFD24 /* PageViewIndicator.swift */,
			);
			path = Views;
			sourceTree = "<group>";
		};
		317664762A08A45E000DFD24 /* SwiftUI */ = {
			isa = PBXGroup;
			children = (
				317664772A08A480000DFD24 /* DragGestureVelocity.swift */,
			);
			path = SwiftUI;
			sourceTree = "<group>";
		};
		3176647B2A09F6F3000DFD24 /* SurveyLoadingSkeleton */ = {
			isa = PBXGroup;
			children = (
				3176647C2A09F6F3000DFD24 /* Views */,
				3176647F2A09F6F3000DFD24 /* SkeletonHomeView.swift */,
			);
			path = SurveyLoadingSkeleton;
			sourceTree = "<group>";
		};
		3176647C2A09F6F3000DFD24 /* Views */ = {
			isa = PBXGroup;
			children = (
				317664832A09F8BC000DFD24 /* SkeletonTextView.swift */,
				3176647D2A09F6F3000DFD24 /* SkeletonSurveyContentView.swift */,
				3176647E2A09F6F3000DFD24 /* SkeletonHomeHeaderView.swift */,
			);
			path = Views;
			sourceTree = "<group>";
		};
		3186FC9129EFAB7400BA6324 /* LogIn */ = {
			isa = PBXGroup;
			children = (
				3186FC9229EFC5A300BA6324 /* LogInView.swift */,
				3160A5FC29F776F90052C223 /* LogInCombineViewModel.swift */,
			);
			path = LogIn;
			sourceTree = "<group>";
		};
		3186FC9429F0D51200BA6324 /* Localizations */ = {
			isa = PBXGroup;
			children = (
				3186FC9529F0D56D00BA6324 /* Localizable.strings */,
			);
			path = Localizations;
			sourceTree = "<group>";
		};
		3186FC9729F0DBB200BA6324 /* ViewModifiers */ = {
			isa = PBXGroup;
			children = (
				3186FC9829F0DBCC00BA6324 /* PrimaryTextFieldModifier.swift */,
				3186FC9A29F0DE6D00BA6324 /* PrimaryButtonModifier.swift */,
				3160A5D929F26F260052C223 /* AnimationCompletionModifier.swift */,
				31A4E6E12A11F01A00A53B98 /* OnLoadModifier.swift */,
			);
			path = ViewModifiers;
			sourceTree = "<group>";
		};
		3186FC9C29F0E05000BA6324 /* Fonts */ = {
			isa = PBXGroup;
			children = (
				3186FC9E29F0E05E00BA6324 /* NeuzeitSLTStd-Book.otf */,
				3186FC9D29F0E05E00BA6324 /* NeuzeitSLTStd-BookHeavy.otf */,
			);
			path = Fonts;
			sourceTree = "<group>";
		};
		3186FCA129F0E18700BA6324 /* SwiftUI */ = {
			isa = PBXGroup;
			children = (
				3186FCA229F0E19800BA6324 /* Font+Extension.swift */,
				317664632A038D3F000DFD24 /* Image+Kingfisher.swift */,
			);
			path = SwiftUI;
			sourceTree = "<group>";
		};
		3186FCA629F124B500BA6324 /* KMM */ = {
			isa = PBXGroup;
			children = (
				3186FCAA29F1380900BA6324 /* ViewModels */,
				3186FCA929F137FC00BA6324 /* Koin */,
			);
			path = KMM;
			sourceTree = "<group>";
		};
		3186FCA929F137FC00BA6324 /* Koin */ = {
			isa = PBXGroup;
			children = (
				3186FCA729F124CA00BA6324 /* KoinApplication.swift */,
			);
			path = Koin;
			sourceTree = "<group>";
		};
		3186FCAA29F1380900BA6324 /* ViewModels */ = {
			isa = PBXGroup;
			children = (
				3186FCAB29F1390F00BA6324 /* SplashViewModel+ObservableObject.swift */,
			);
			path = ViewModels;
			sourceTree = "<group>";
		};
		31A4E6D92A11C84600A53B98 /* SurveyDetail */ = {
			isa = PBXGroup;
			children = (
				31A4E6DA2A11C92B00A53B98 /* SurveyDetailView.swift */,
			);
			path = SurveyDetail;
			sourceTree = "<group>";
		};
		31A4E6E32A1212A700A53B98 /* SurveyQuestions */ = {
			isa = PBXGroup;
			children = (
				31A4E6E62A121B0E00A53B98 /* View */,
				31A4E6E42A12137500A53B98 /* SurveyQuestionsView.swift */,
			);
			path = SurveyQuestions;
			sourceTree = "<group>";
		};
		31A4E6E62A121B0E00A53B98 /* View */ = {
			isa = PBXGroup;
			children = (
				31A4E6E92A13276C00A53B98 /* Answer */,
				31A4E6E72A121B2200A53B98 /* SurveyQuestionContentView.swift */,
			);
			path = View;
			sourceTree = "<group>";
		};
		31A4E6E92A13276C00A53B98 /* Answer */ = {
			isa = PBXGroup;
			children = (
				31A4E6EA2A13277D00A53B98 /* EmojiAnswerView.swift */,
				31A4E6EC2A13626700A53B98 /* MultipleChoiceAnswerView.swift */,
				31A4E6F22A13E39E00A53B98 /* SingleFormAnswerView.swift */,
				31A4E6F02A137D2500A53B98 /* SpinnerAnswerView.swift */,
				31A4E6EE2A136D9300A53B98 /* NpsAnswerView.swift */,
			);
			path = Answer;
			sourceTree = "<group>";
		};
		31CCAF3029F1433100262470 /* Coordinator */ = {
			isa = PBXGroup;
			children = (
				31CCAF3129F1434100262470 /* Screen.swift */,
				31CCAF3329F1437400262470 /* AppCoordinator.swift */,
				31CCAF3529F1485400262470 /* Transition.swift */,
				3160A5FA29F6625D0052C223 /* Navigator.swift */,
			);
			path = Coordinator;
			sourceTree = "<group>";
		};
		3B883701669837BD29DDAF79 /* Configurations */ = {
			isa = PBXGroup;
			children = (
				51B42A717FF3E09A4F47427A /* Plists */,
			);
			path = Configurations;
			sourceTree = "<group>";
		};
		5002874B0A451D572D281F5B /* PhongKMMICKIFUITests */ = {
			isa = PBXGroup;
			children = (
				3B883701669837BD29DDAF79 /* Configurations */,
				9C5CF5966E8ABA35567E9220 /* Sources */,
			);
			path = PhongKMMICKIFUITests;
			sourceTree = "<group>";
		};
		51B42A717FF3E09A4F47427A /* Plists */ = {
			isa = PBXGroup;
			children = (
				7DD5748A8B05C96D88B35D5C /* Info.plist */,
			);
			path = Plists;
			sourceTree = "<group>";
		};
		5772ADBB5E564DB146E3C72E /* Resources */ = {
			isa = PBXGroup;
			children = (
				3186FC9C29F0E05000BA6324 /* Fonts */,
				3186FC9429F0D51200BA6324 /* Localizations */,
				EC5C6E576C6F893A977A46B4 /* Assets */,
				67CB3E3C65731C1B62274B31 /* LaunchScreen */,
			);
			path = Resources;
			sourceTree = "<group>";
		};
		59F827704B6A1B81D343EB04 /* Helpers */ = {
			isa = PBXGroup;
			children = (
				317664762A08A45E000DFD24 /* SwiftUI */,
				3160A5F029F51F8D0052C223 /* UITests */,
				77854E1FC97D358FF12781B5 /* Rswift */,
				0E5D20A0A17306669F5A80A6 /* Typealiases */,
			);
			path = Helpers;
			sourceTree = "<group>";
		};
		619C82EC3EFBADECEF8E232A /* Configurations */ = {
			isa = PBXGroup;
			children = (
				C444C685B250D1403584A590 /* Plists */,
			);
			path = Configurations;
			sourceTree = "<group>";
		};
		635055C169484AB30B511330 /* Views */ = {
			isa = PBXGroup;
			children = (
				3160A5FE29F7E17F0052C223 /* ProgressAnimationView.swift */,
				31A4E6DF2A11E9FC00A53B98 /* BlackGradientOverlay.swift */,
				31A4E6F42A13EA5000A53B98 /* TextEditor.swift */,
			);
			path = Views;
			sourceTree = "<group>";
		};
		664BCD0A51E21295E8DAF8DD /* Dummy */ = {
			isa = PBXGroup;
			children = (
			);
			path = Dummy;
			sourceTree = "<group>";
		};
		67CB3E3C65731C1B62274B31 /* LaunchScreen */ = {
			isa = PBXGroup;
			children = (
				4377D1457F31E54B7249CC1F /* LaunchScreen.storyboard */,
			);
			path = LaunchScreen;
			sourceTree = "<group>";
		};
		6C570BF521A7DACF3DE5619E /* Constants */ = {
			isa = PBXGroup;
			children = (
				A90A6A786E1A9C282081AC2E /* Constants.swift */,
				0823985EE7418542BEC05BCF /* Constants+API.swift */,
			);
			path = Constants;
			sourceTree = "<group>";
		};
		6FD6ABD9F8ECD1D312C506AD /* Supports */ = {
			isa = PBXGroup;
			children = (
				2074C7892363D15515DCB790 /* Extensions */,
			);
			path = Supports;
			sourceTree = "<group>";
		};
		77854E1FC97D358FF12781B5 /* Rswift */ = {
			isa = PBXGroup;
			children = (
				3162022529E554AC00ADC0A9 /* ImageResource+SwiftUI.swift */,
				C73C08433DD81FE83462A1C6 /* R.generated.swift */,
			);
			path = Rswift;
			sourceTree = "<group>";
		};
		8479364A9ECB222627A600EC /* Foundation */ = {
			isa = PBXGroup;
			children = (
				510252B635DBAEDF9AA36780 /* OptionalUnwrapSpec.swift */,
			);
			path = Foundation;
			sourceTree = "<group>";
		};
		85293E435BDCEC0937A61109 /* Plists */ = {
			isa = PBXGroup;
			children = (
				91B838D38AF82AC05A5DB7D4 /* Info.plist */,
			);
			path = Plists;
			sourceTree = "<group>";
		};
		9A7EDD73ADA3D4453A6C00A2 /* Products */ = {
			isa = PBXGroup;
			children = (
				6F9070E83C0CCB4FB11D49EA /* PhongKMMIC.app */,
				1C43800FA1C06902E9C72FB5 /* PhongKMMICKIFUITests.xctest */,
				F5F8B2474D5157C4356B9285 /* PhongKMMICTests.xctest */,
			);
			name = Products;
			sourceTree = "<group>";
		};
		9C5CF5966E8ABA35567E9220 /* Sources */ = {
			isa = PBXGroup;
			children = (
				3160A5DB29F27F9E0052C223 /* Screens */,
				D6319E6E352AD2CA1E381E8F /* Specs */,
				EADE64FAEE5B5E01799B04C2 /* Utilities */,
			);
			path = Sources;
			sourceTree = "<group>";
		};
		9CA9A80EF0D3B90034A17287 /* Supports */ = {
			isa = PBXGroup;
			children = (
				F8C719E2CDFEE20E235E231B /* Extensions */,
				59F827704B6A1B81D343EB04 /* Helpers */,
			);
			path = Supports;
			sourceTree = "<group>";
		};
		A00BE4B04B7D35F5A056BFE0 /* Mocks */ = {
			isa = PBXGroup;
			children = (
				B5B5FE4E0F3D2E378F88574C /* Sourcery */,
			);
			path = Mocks;
			sourceTree = "<group>";
		};
		A375F368AEAFBE770A8FAD41 /* Frameworks */ = {
			isa = PBXGroup;
			children = (
				20A73F67761017862715D1D4 /* Pods_PhongKMMIC.framework */,
				02CEDF2021F73F4C50DE37B7 /* Pods_PhongKMMICTests.framework */,
				054955D5FC8BA5FB01DC2E0C /* Pods_PhongKMMICKIFUITests.framework */,
			);
			name = Frameworks;
			sourceTree = "<group>";
		};
		B5B5FE4E0F3D2E378F88574C /* Sourcery */ = {
			isa = PBXGroup;
			children = (
				7C64E7A91D374FB49F5DF818 /* AutoMockable.generated.swift */,
			);
			path = Sourcery;
			sourceTree = "<group>";
		};
		BE1230D2B006801EAF46F7A9 /* Resources */ = {
			isa = PBXGroup;
			children = (
			);
			path = Resources;
			sourceTree = "<group>";
		};
		C10F49559D545B37D8201510 /* Sources */ = {
			isa = PBXGroup;
			children = (
				D4264863563AA81600A9C79E /* Application */,
				6C570BF521A7DACF3DE5619E /* Constants */,
				1897F648E5067C722168F035 /* Presentation */,
				9CA9A80EF0D3B90034A17287 /* Supports */,
			);
			path = Sources;
			sourceTree = "<group>";
		};
		C444C685B250D1403584A590 /* Plists */ = {
			isa = PBXGroup;
			children = (
				2F061D81C6E75E2202EE2C63 /* Info.plist */,
			);
			path = Plists;
			sourceTree = "<group>";
		};
		D4264863563AA81600A9C79E /* Application */ = {
			isa = PBXGroup;
			children = (
				3162022329E54E3400ADC0A9 /* KMMICApp.swift */,
				3160A5F529F51FC80052C223 /* AppDelegate.swift */,
			);
			path = Application;
			sourceTree = "<group>";
		};
		D4F70FB4894714172E424193 /* PhongKMMICTests */ = {
			isa = PBXGroup;
			children = (
				619C82EC3EFBADECEF8E232A /* Configurations */,
				BE1230D2B006801EAF46F7A9 /* Resources */,
				DF5570AEE5553AF0D602BCFE /* Sources */,
			);
			path = PhongKMMICTests;
			sourceTree = "<group>";
		};
		D6319E6E352AD2CA1E381E8F /* Specs */ = {
			isa = PBXGroup;
			children = (
				3160A5E829F298A60052C223 /* Presentation */,
			);
			path = Specs;
			sourceTree = "<group>";
		};
		DAB22AA045F76565B25B908F /* Foundation */ = {
			isa = PBXGroup;
			children = (
				D5C050389BDC52AAFB296D63 /* Optional+Unwrap.swift */,
				317664792A08A85C000DFD24 /* Collection+SafeIndex.swift */,
			);
			path = Foundation;
			sourceTree = "<group>";
		};
		DCAC463D7DD2ADFDDF952A3E /* Project */ = {
			isa = PBXGroup;
			children = (
				0E6F440D50B37C0E6748A3E4 /* PhongKMMIC */,
				5002874B0A451D572D281F5B /* PhongKMMICKIFUITests */,
				D4F70FB4894714172E424193 /* PhongKMMICTests */,
			);
			name = Project;
			sourceTree = "<group>";
		};
		DF5570AEE5553AF0D602BCFE /* Sources */ = {
			isa = PBXGroup;
			children = (
				664BCD0A51E21295E8DAF8DD /* Dummy */,
				A00BE4B04B7D35F5A056BFE0 /* Mocks */,
				E5446F26556100D1A012DA2D /* Specs */,
				27AEB4F0BC9508430A5A3D90 /* Utilities */,
			);
			path = Sources;
			sourceTree = "<group>";
		};
		E5446F26556100D1A012DA2D /* Specs */ = {
			isa = PBXGroup;
			children = (
				6FD6ABD9F8ECD1D312C506AD /* Supports */,
			);
			path = Specs;
			sourceTree = "<group>";
		};
		EADE64FAEE5B5E01799B04C2 /* Utilities */ = {
			isa = PBXGroup;
			children = (
				334282891C0D36A6D4327B36 /* KIF+Swift.swift */,
			);
			path = Utilities;
			sourceTree = "<group>";
		};
		EC5C6E576C6F893A977A46B4 /* Assets */ = {
			isa = PBXGroup;
			children = (
				C11A22E729ABDCE212BF0B0F /* Assets.xcassets */,
			);
			path = Assets;
			sourceTree = "<group>";
		};
		F73D7989EED0C2D1F7FAD516 /* UIKit */ = {
			isa = PBXGroup;
			children = (
				C12B018E35346D91B13B3489 /* Color+Application.swift */,
				7501383C06FFD93FF3A1A958 /* UIView+Subviews.swift */,
			);
			path = UIKit;
			sourceTree = "<group>";
		};
		F8C719E2CDFEE20E235E231B /* Extensions */ = {
			isa = PBXGroup;
			children = (
				3160A5F729F643850052C223 /* DI */,
				3186FCA629F124B500BA6324 /* KMM */,
				3186FCA129F0E18700BA6324 /* SwiftUI */,
				DAB22AA045F76565B25B908F /* Foundation */,
				F73D7989EED0C2D1F7FAD516 /* UIKit */,
			);
			path = Extensions;
			sourceTree = "<group>";
		};
/* End PBXGroup section */

/* Begin PBXNativeTarget section */
		21482D2BFCDF2882B648A64F /* PhongKMMIC */ = {
			isa = PBXNativeTarget;
			buildConfigurationList = 3B4D4FF2DFDF5A582262D0E2 /* Build configuration list for PBXNativeTarget "PhongKMMIC" */;
			buildPhases = (
				71F5AEBFE80A24CB224B782A /* [CP] Check Pods Manifest.lock */,
				3D60EFAFBC5D38A9C5A71806 /* Sourcery */,
				077DEB5A83AB6E5CEB66C024 /* R.swift */,
				9F09CC29B33243E2CB569904 /* SwiftLint */,
				E201270678D3F4DB2BBB5649 /* SwiftFormat Lint */,
				92B17B0567848FA6B818F98A /* Sources */,
				4FA6018EF8EB9C82256D2E51 /* Resources */,
				4764B2C3F43513B596FACAC8 /* Embed Frameworks */,
				B008B34048618904D36E9703 /* Frameworks */,
				2229B02BF5B7AAFB9DBE86CF /* Copy GoogleService-Info.plist */,
				625801748A28AAF3E0241AC4 /* [CP] Embed Pods Frameworks */,
				3173529E29DD7534007058C4 /* ShellScript */,
			);
			buildRules = (
			);
			dependencies = (
			);
			name = PhongKMMIC;
			productName = PhongKMMIC;
			productReference = 6F9070E83C0CCB4FB11D49EA /* PhongKMMIC.app */;
			productType = "com.apple.product-type.application";
		};
		D49E162F753BE4F8D1EC8362 /* PhongKMMICTests */ = {
			isa = PBXNativeTarget;
			buildConfigurationList = 630D6A901B0FF758E3BF1B89 /* Build configuration list for PBXNativeTarget "PhongKMMICTests" */;
			buildPhases = (
				986FB81A1EBC139080828CEC /* [CP] Check Pods Manifest.lock */,
				1F08EE601551E9BB4F5DD2DB /* SwiftFormat */,
				BB76B3AC48BD3A3AE8F43911 /* Sources */,
				969289BF7884F391B11DA3CB /* Resources */,
				909C2329BC2C71221EBE3013 /* Embed Frameworks */,
				643936B47693F18F4BB5A72C /* Frameworks */,
				D5E9F6D1E974B671049C067B /* [CP] Embed Pods Frameworks */,
			);
			buildRules = (
			);
			dependencies = (
				B3416EFFEB02C8E2F5B95053 /* PBXTargetDependency */,
			);
			name = PhongKMMICTests;
			productName = PhongKMMICTests;
			productReference = F5F8B2474D5157C4356B9285 /* PhongKMMICTests.xctest */;
			productType = "com.apple.product-type.bundle.unit-test";
		};
		D5F4F56DDE48B1268C3B2874 /* PhongKMMICKIFUITests */ = {
			isa = PBXNativeTarget;
			buildConfigurationList = 9176DB7CC67C62FCC49A2FD8 /* Build configuration list for PBXNativeTarget "PhongKMMICKIFUITests" */;
			buildPhases = (
				04C11FE7BA809CDF7B2E3376 /* [CP] Check Pods Manifest.lock */,
				4CB9EAE807148F94617657EA /* Sources */,
				F9A0924C3F5AB0BA2E1F9D57 /* Resources */,
				6AF6A86DD06D97CCD48B6486 /* Embed Frameworks */,
				01930CDF476AB76447804CE1 /* Frameworks */,
				C5F7EF25AFDD30B11402A32C /* [CP] Embed Pods Frameworks */,
			);
			buildRules = (
			);
			dependencies = (
				AF1713E92A254BCF09993957 /* PBXTargetDependency */,
			);
			name = PhongKMMICKIFUITests;
			productName = PhongKMMICKIFUITests;
			productReference = 1C43800FA1C06902E9C72FB5 /* PhongKMMICKIFUITests.xctest */;
			productType = "com.apple.product-type.bundle.unit-test";
		};
/* End PBXNativeTarget section */

/* Begin PBXProject section */
		802BC2FC44B4E4EEA06FF552 /* Project object */ = {
			isa = PBXProject;
			attributes = {
				ORGANIZATIONNAME = Nimble;
				TargetAttributes = {
					D49E162F753BE4F8D1EC8362 = {
						TestTargetID = 21482D2BFCDF2882B648A64F;
					};
					D5F4F56DDE48B1268C3B2874 = {
						TestTargetID = 21482D2BFCDF2882B648A64F;
					};
				};
			};
			buildConfigurationList = 0B0A76887B2E04C8F7879EEC /* Build configuration list for PBXProject "PhongKMMIC" */;
			compatibilityVersion = "Xcode 13.0";
			developmentRegion = en;
			hasScannedForEncodings = 0;
			knownRegions = (
				Base,
				en,
			);
			mainGroup = 036C23918D219B8C29751756;
			productRefGroup = 9A7EDD73ADA3D4453A6C00A2 /* Products */;
			projectDirPath = "";
			projectRoot = "";
			targets = (
				21482D2BFCDF2882B648A64F /* PhongKMMIC */,
				D49E162F753BE4F8D1EC8362 /* PhongKMMICTests */,
				D5F4F56DDE48B1268C3B2874 /* PhongKMMICKIFUITests */,
			);
		};
/* End PBXProject section */

/* Begin PBXResourcesBuildPhase section */
		4FA6018EF8EB9C82256D2E51 /* Resources */ = {
			isa = PBXResourcesBuildPhase;
			buildActionMask = 2147483647;
			files = (
				3186FCA029F0E05E00BA6324 /* NeuzeitSLTStd-Book.otf in Resources */,
				F34C4C40440D671881D66331 /* Assets.xcassets in Resources */,
				3186FC9F29F0E05E00BA6324 /* NeuzeitSLTStd-BookHeavy.otf in Resources */,
				3186FC9629F0D56E00BA6324 /* Localizable.strings in Resources */,
				8BFB62BE4D0088A7E8291553 /* LaunchScreen.storyboard in Resources */,
			);
			runOnlyForDeploymentPostprocessing = 0;
		};
		969289BF7884F391B11DA3CB /* Resources */ = {
			isa = PBXResourcesBuildPhase;
			buildActionMask = 2147483647;
			files = (
			);
			runOnlyForDeploymentPostprocessing = 0;
		};
		F9A0924C3F5AB0BA2E1F9D57 /* Resources */ = {
			isa = PBXResourcesBuildPhase;
			buildActionMask = 2147483647;
			files = (
			);
			runOnlyForDeploymentPostprocessing = 0;
		};
/* End PBXResourcesBuildPhase section */

/* Begin PBXShellScriptBuildPhase section */
		04C11FE7BA809CDF7B2E3376 /* [CP] Check Pods Manifest.lock */ = {
			isa = PBXShellScriptBuildPhase;
			buildActionMask = 2147483647;
			files = (
			);
			inputFileListPaths = (
			);
			inputPaths = (
				"${PODS_PODFILE_DIR_PATH}/Podfile.lock",
				"${PODS_ROOT}/Manifest.lock",
			);
			name = "[CP] Check Pods Manifest.lock";
			outputFileListPaths = (
			);
			outputPaths = (
				"$(DERIVED_FILE_DIR)/Pods-PhongKMMICKIFUITests-checkManifestLockResult.txt",
			);
			runOnlyForDeploymentPostprocessing = 0;
			shellPath = /bin/sh;
			shellScript = "diff \"${PODS_PODFILE_DIR_PATH}/Podfile.lock\" \"${PODS_ROOT}/Manifest.lock\" > /dev/null\nif [ $? != 0 ] ; then\n    # print error to STDERR\n    echo \"error: The sandbox is not in sync with the Podfile.lock. Run 'pod install' or update your CocoaPods installation.\" >&2\n    exit 1\nfi\n# This output is used by Xcode 'outputs' to avoid re-running this script phase.\necho \"SUCCESS\" > \"${SCRIPT_OUTPUT_FILE_0}\"\n";
			showEnvVarsInLog = 0;
		};
		077DEB5A83AB6E5CEB66C024 /* R.swift */ = {
			isa = PBXShellScriptBuildPhase;
			alwaysOutOfDate = 1;
			buildActionMask = 2147483647;
			files = (
			);
			inputFileListPaths = (
			);
			inputPaths = (
			);
			name = R.swift;
			outputFileListPaths = (
			);
			outputPaths = (
				$SRCROOT/$PROJECT_NAME/Sources/Supports/Helpers/Rswift/R.generated.swift,
			);
			runOnlyForDeploymentPostprocessing = 0;
			shellPath = /bin/sh;
			shellScript = "\"$PODS_ROOT/R.swift/rswift\" generate \"$SRCROOT/$PROJECT_NAME/Sources/Supports/Helpers/Rswift/R.generated.swift\"\n";
		};
		1F08EE601551E9BB4F5DD2DB /* SwiftFormat */ = {
			isa = PBXShellScriptBuildPhase;
			buildActionMask = 2147483647;
			files = (
			);
			inputFileListPaths = (
			);
			inputPaths = (
			);
			name = SwiftFormat;
			outputFileListPaths = (
			);
			outputPaths = (
			);
			runOnlyForDeploymentPostprocessing = 0;
			shellPath = /bin/sh;
			shellScript = "if [ -z \"$CI\" ]; then\n    \"${PODS_ROOT}/SwiftFormat/CommandLineTool/swiftformat\" \"$SRCROOT\"\nfi";
		};
		2229B02BF5B7AAFB9DBE86CF /* Copy GoogleService-Info.plist */ = {
			isa = PBXShellScriptBuildPhase;
			buildActionMask = 2147483647;
			files = (
			);
			inputFileListPaths = (
			);
			inputPaths = (
			);
			name = "Copy GoogleService-Info.plist";
			outputFileListPaths = (
			);
			outputPaths = (
			);
			runOnlyForDeploymentPostprocessing = 0;
			shellPath = /bin/sh;
			shellScript = "PATH_TO_GOOGLE_PLISTS=\"$SRCROOT/$PROJECT_NAME/Configurations/Plists/GoogleService\"\n\ncase \"${CONFIGURATION}\" in\n\"Debug Staging\" | \"Release Staging\" )\ncp -r \"$PATH_TO_GOOGLE_PLISTS/Staging/GoogleService-Info.plist\" \"${BUILT_PRODUCTS_DIR}/${PRODUCT_NAME}.app/GoogleService-Info.plist\"\n;;\n\"Debug Production\" | \"Release Production\" )\ncp -r \"$PATH_TO_GOOGLE_PLISTS/Production/GoogleService-Info.plist\" \"${BUILT_PRODUCTS_DIR}/${PRODUCT_NAME}.app/GoogleService-Info.plist\"\n;;\n*)\n;;\nesac";
		};
		3173529E29DD7534007058C4 /* ShellScript */ = {
			isa = PBXShellScriptBuildPhase;
			buildActionMask = 2147483647;
			files = (
			);
			inputFileListPaths = (
			);
			inputPaths = (
			);
			outputFileListPaths = (
			);
			outputPaths = (
			);
			runOnlyForDeploymentPostprocessing = 0;
			shellPath = /bin/sh;
			shellScript = "";
		};
		3D60EFAFBC5D38A9C5A71806 /* Sourcery */ = {
			isa = PBXShellScriptBuildPhase;
			buildActionMask = 2147483647;
			files = (
			);
			inputFileListPaths = (
			);
			inputPaths = (
			);
			name = Sourcery;
			outputFileListPaths = (
			);
			outputPaths = (
			);
			runOnlyForDeploymentPostprocessing = 0;
			shellPath = /bin/sh;
			shellScript = "\"$PODS_ROOT/Sourcery/bin/sourcery\"";
		};
		625801748A28AAF3E0241AC4 /* [CP] Embed Pods Frameworks */ = {
			isa = PBXShellScriptBuildPhase;
			buildActionMask = 2147483647;
			files = (
			);
			inputFileListPaths = (
				"${PODS_ROOT}/Target Support Files/Pods-PhongKMMIC/Pods-PhongKMMIC-frameworks-${CONFIGURATION}-input-files.xcfilelist",
			);
			name = "[CP] Embed Pods Frameworks";
			outputFileListPaths = (
				"${PODS_ROOT}/Target Support Files/Pods-PhongKMMIC/Pods-PhongKMMIC-frameworks-${CONFIGURATION}-output-files.xcfilelist",
			);
			runOnlyForDeploymentPostprocessing = 0;
			shellPath = /bin/sh;
			shellScript = "\"${PODS_ROOT}/Target Support Files/Pods-PhongKMMIC/Pods-PhongKMMIC-frameworks.sh\"\n";
			showEnvVarsInLog = 0;
		};
		71F5AEBFE80A24CB224B782A /* [CP] Check Pods Manifest.lock */ = {
			isa = PBXShellScriptBuildPhase;
			buildActionMask = 2147483647;
			files = (
			);
			inputFileListPaths = (
			);
			inputPaths = (
				"${PODS_PODFILE_DIR_PATH}/Podfile.lock",
				"${PODS_ROOT}/Manifest.lock",
			);
			name = "[CP] Check Pods Manifest.lock";
			outputFileListPaths = (
			);
			outputPaths = (
				"$(DERIVED_FILE_DIR)/Pods-PhongKMMIC-checkManifestLockResult.txt",
			);
			runOnlyForDeploymentPostprocessing = 0;
			shellPath = /bin/sh;
			shellScript = "diff \"${PODS_PODFILE_DIR_PATH}/Podfile.lock\" \"${PODS_ROOT}/Manifest.lock\" > /dev/null\nif [ $? != 0 ] ; then\n    # print error to STDERR\n    echo \"error: The sandbox is not in sync with the Podfile.lock. Run 'pod install' or update your CocoaPods installation.\" >&2\n    exit 1\nfi\n# This output is used by Xcode 'outputs' to avoid re-running this script phase.\necho \"SUCCESS\" > \"${SCRIPT_OUTPUT_FILE_0}\"\n";
			showEnvVarsInLog = 0;
		};
		986FB81A1EBC139080828CEC /* [CP] Check Pods Manifest.lock */ = {
			isa = PBXShellScriptBuildPhase;
			buildActionMask = 2147483647;
			files = (
			);
			inputFileListPaths = (
			);
			inputPaths = (
				"${PODS_PODFILE_DIR_PATH}/Podfile.lock",
				"${PODS_ROOT}/Manifest.lock",
			);
			name = "[CP] Check Pods Manifest.lock";
			outputFileListPaths = (
			);
			outputPaths = (
				"$(DERIVED_FILE_DIR)/Pods-PhongKMMICTests-checkManifestLockResult.txt",
			);
			runOnlyForDeploymentPostprocessing = 0;
			shellPath = /bin/sh;
			shellScript = "diff \"${PODS_PODFILE_DIR_PATH}/Podfile.lock\" \"${PODS_ROOT}/Manifest.lock\" > /dev/null\nif [ $? != 0 ] ; then\n    # print error to STDERR\n    echo \"error: The sandbox is not in sync with the Podfile.lock. Run 'pod install' or update your CocoaPods installation.\" >&2\n    exit 1\nfi\n# This output is used by Xcode 'outputs' to avoid re-running this script phase.\necho \"SUCCESS\" > \"${SCRIPT_OUTPUT_FILE_0}\"\n";
			showEnvVarsInLog = 0;
		};
		9F09CC29B33243E2CB569904 /* SwiftLint */ = {
			isa = PBXShellScriptBuildPhase;
			buildActionMask = 2147483647;
			files = (
			);
			inputFileListPaths = (
			);
			inputPaths = (
			);
			name = SwiftLint;
			outputFileListPaths = (
			);
			outputPaths = (
			);
			runOnlyForDeploymentPostprocessing = 0;
			shellPath = /bin/sh;
			shellScript = "if [ -z \"$CI\" ]; then\n    ${PODS_ROOT}/SwiftLint/swiftlint\nfi";
		};
		C5F7EF25AFDD30B11402A32C /* [CP] Embed Pods Frameworks */ = {
			isa = PBXShellScriptBuildPhase;
			buildActionMask = 2147483647;
			files = (
			);
			inputFileListPaths = (
				"${PODS_ROOT}/Target Support Files/Pods-PhongKMMICKIFUITests/Pods-PhongKMMICKIFUITests-frameworks-${CONFIGURATION}-input-files.xcfilelist",
			);
			name = "[CP] Embed Pods Frameworks";
			outputFileListPaths = (
				"${PODS_ROOT}/Target Support Files/Pods-PhongKMMICKIFUITests/Pods-PhongKMMICKIFUITests-frameworks-${CONFIGURATION}-output-files.xcfilelist",
			);
			runOnlyForDeploymentPostprocessing = 0;
			shellPath = /bin/sh;
			shellScript = "\"${PODS_ROOT}/Target Support Files/Pods-PhongKMMICKIFUITests/Pods-PhongKMMICKIFUITests-frameworks.sh\"\n";
			showEnvVarsInLog = 0;
		};
		D5E9F6D1E974B671049C067B /* [CP] Embed Pods Frameworks */ = {
			isa = PBXShellScriptBuildPhase;
			buildActionMask = 2147483647;
			files = (
			);
			inputFileListPaths = (
				"${PODS_ROOT}/Target Support Files/Pods-PhongKMMICTests/Pods-PhongKMMICTests-frameworks-${CONFIGURATION}-input-files.xcfilelist",
			);
			name = "[CP] Embed Pods Frameworks";
			outputFileListPaths = (
				"${PODS_ROOT}/Target Support Files/Pods-PhongKMMICTests/Pods-PhongKMMICTests-frameworks-${CONFIGURATION}-output-files.xcfilelist",
			);
			runOnlyForDeploymentPostprocessing = 0;
			shellPath = /bin/sh;
			shellScript = "\"${PODS_ROOT}/Target Support Files/Pods-PhongKMMICTests/Pods-PhongKMMICTests-frameworks.sh\"\n";
			showEnvVarsInLog = 0;
		};
		E201270678D3F4DB2BBB5649 /* SwiftFormat Lint */ = {
			isa = PBXShellScriptBuildPhase;
			buildActionMask = 2147483647;
			files = (
			);
			inputFileListPaths = (
			);
			inputPaths = (
			);
			name = "SwiftFormat Lint";
			outputFileListPaths = (
			);
			outputPaths = (
			);
			runOnlyForDeploymentPostprocessing = 0;
			shellPath = /bin/sh;
			shellScript = "if [ -z \"$CI\" ]; then\n    \"${PODS_ROOT}/SwiftFormat/CommandLineTool/swiftformat\" \"$SRCROOT\" --lint --lenient\nfi";
		};
/* End PBXShellScriptBuildPhase section */

/* Begin PBXSourcesBuildPhase section */
		4CB9EAE807148F94617657EA /* Sources */ = {
			isa = PBXSourcesBuildPhase;
			buildActionMask = 2147483647;
			files = (
				31A4E6D32A0E3A2500A53B98 /* HomeScreen.swift in Sources */,
				3160A60129F8D0E20052C223 /* LogInSpec.swift in Sources */,
				3160A5EF29F515C80052C223 /* LogInScreen.swift in Sources */,
				3160A60329F8D3A00052C223 /* LaunchArgument.swift in Sources */,
				3160A5ED29F515910052C223 /* SplashSpec.swift in Sources */,
				3160A5E529F294D30052C223 /* GenericScreen.swift in Sources */,
				31A4E6D12A0E396A00A53B98 /* HomeSpec.swift in Sources */,
				7A64B246013934FEE87CA7A1 /* KIF+Swift.swift in Sources */,
				3160A5E729F295440052C223 /* ViewId.swift in Sources */,
			);
			runOnlyForDeploymentPostprocessing = 0;
		};
		92B17B0567848FA6B818F98A /* Sources */ = {
			isa = PBXSourcesBuildPhase;
			buildActionMask = 2147483647;
			files = (
				317664822A09F6F3000DFD24 /* SkeletonHomeView.swift in Sources */,
				3160A5F629F51FC80052C223 /* AppDelegate.swift in Sources */,
				31A4E6CF2A0DDDC900A53B98 /* HomeCombineViewModel.swift in Sources */,
				84C3B5ACC1291A99F1B957D1 /* Constants+API.swift in Sources */,
				FA2178E2737B9CA31A70F844 /* Constants.swift in Sources */,
				3160A5FB29F6625D0052C223 /* Navigator.swift in Sources */,
				3162022629E554AC00ADC0A9 /* ImageResource+SwiftUI.swift in Sources */,
				31A4E6ED2A13626700A53B98 /* MultipleChoiceAnswerView.swift in Sources */,
				31A4E6F52A13EA5000A53B98 /* TextEditor.swift in Sources */,
				317664642A038D3F000DFD24 /* Image+Kingfisher.swift in Sources */,
				3160A5F429F51F9F0052C223 /* UITestHelper.swift in Sources */,
				317664672A06CADE000DFD24 /* HomeHeaderView.swift in Sources */,
				1575D172B085DBB3ABFB961F /* Optional+Unwrap.swift in Sources */,
				F303DCC8F89C63AF1B0DEE0D /* Color+Application.swift in Sources */,
				31CCAF3429F1437400262470 /* AppCoordinator.swift in Sources */,
				3186FC9B29F0DE6D00BA6324 /* PrimaryButtonModifier.swift in Sources */,
				3176647A2A08A85C000DFD24 /* Collection+SafeIndex.swift in Sources */,
				77C5D668A2E4E5DEC2BDEA9D /* UIView+Subviews.swift in Sources */,
				3186FC9929F0DBCC00BA6324 /* PrimaryTextFieldModifier.swift in Sources */,
				31A4E6EB2A13277D00A53B98 /* EmojiAnswerView.swift in Sources */,
				317664622A038AD6000DFD24 /* HomeView.swift in Sources */,
				3160A5FD29F776F90052C223 /* LogInCombineViewModel.swift in Sources */,
				317664782A08A480000DFD24 /* DragGestureVelocity.swift in Sources */,
				31A4E6F32A13E39E00A53B98 /* SingleFormAnswerView.swift in Sources */,
				31A4E6E02A11E9FC00A53B98 /* BlackGradientOverlay.swift in Sources */,
				611DBFE850B38FE88E68F30C /* R.generated.swift in Sources */,
				3160A5F929F643B50052C223 /* Container.swift in Sources */,
				31A4E6DB2A11C92B00A53B98 /* SurveyDetailView.swift in Sources */,
				31A4E6E52A12137500A53B98 /* SurveyQuestionsView.swift in Sources */,
				317664812A09F6F3000DFD24 /* SkeletonHomeHeaderView.swift in Sources */,
				31A4E6F12A137D2500A53B98 /* SpinnerAnswerView.swift in Sources */,
				B2192456CC3F4341C6E3A88E /* Typealiases.swift in Sources */,
				31A4E6E22A11F01A00A53B98 /* OnLoadModifier.swift in Sources */,
				317664842A09F8BC000DFD24 /* SkeletonTextView.swift in Sources */,
				3186FC9329EFC5A300BA6324 /* LogInView.swift in Sources */,
				3162022229E5452900ADC0A9 /* SplashView.swift in Sources */,
				317664802A09F6F3000DFD24 /* SkeletonSurveyContentView.swift in Sources */,
				3186FCA829F124CA00BA6324 /* KoinApplication.swift in Sources */,
				317664692A06CB39000DFD24 /* SurveyContentView.swift in Sources */,
				31CCAF3629F1485400262470 /* Transition.swift in Sources */,
				3176646B2A06CB7B000DFD24 /* PageViewIndicator.swift in Sources */,
				3160A5DA29F26F260052C223 /* AnimationCompletionModifier.swift in Sources */,
				3186FCA329F0E19900BA6324 /* Font+Extension.swift in Sources */,
				31CCAF3229F1434100262470 /* Screen.swift in Sources */,
				3160A5E129F281040052C223 /* ViewId.swift in Sources */,
				3162022429E54E3400ADC0A9 /* KMMICApp.swift in Sources */,
				3160A5FF29F7E17F0052C223 /* ProgressAnimationView.swift in Sources */,
				31A4E6EF2A136D9300A53B98 /* NpsAnswerView.swift in Sources */,
				3186FCAC29F1390F00BA6324 /* SplashViewModel+ObservableObject.swift in Sources */,
				31A4E6E82A121B2200A53B98 /* SurveyQuestionContentView.swift in Sources */,
				3160A5F329F51F9F0052C223 /* LaunchArgument.swift in Sources */,
			);
			runOnlyForDeploymentPostprocessing = 0;
		};
		BB76B3AC48BD3A3AE8F43911 /* Sources */ = {
			isa = PBXSourcesBuildPhase;
			buildActionMask = 2147483647;
			files = (
				3160A60229F8D3A00052C223 /* LaunchArgument.swift in Sources */,
				71192B8729C3777843712CE5 /* AutoMockable.generated.swift in Sources */,
				E03F2686FA102AE2374CDA6F /* OptionalUnwrapSpec.swift in Sources */,
			);
			runOnlyForDeploymentPostprocessing = 0;
		};
/* End PBXSourcesBuildPhase section */

/* Begin PBXTargetDependency section */
		AF1713E92A254BCF09993957 /* PBXTargetDependency */ = {
			isa = PBXTargetDependency;
			name = PhongKMMIC;
			target = 21482D2BFCDF2882B648A64F /* PhongKMMIC */;
			targetProxy = 00FEF8F9CFBF341FC5E99195 /* PBXContainerItemProxy */;
		};
		B3416EFFEB02C8E2F5B95053 /* PBXTargetDependency */ = {
			isa = PBXTargetDependency;
			name = PhongKMMIC;
			target = 21482D2BFCDF2882B648A64F /* PhongKMMIC */;
			targetProxy = 73F4F181AC0A9BCAF0905668 /* PBXContainerItemProxy */;
		};
/* End PBXTargetDependency section */

/* Begin XCBuildConfiguration section */
		0A989119D9DB7DB04267681F /* Release Staging */ = {
			isa = XCBuildConfiguration;
			baseConfigurationReference = 836C6F51FD4FD7E18FE93DFD /* Pods-PhongKMMIC.release staging.xcconfig */;
			buildSettings = {
				ASSETCATALOG_COMPILER_APPICON_NAME = AppIcon;
				CODE_SIGN_IDENTITY = "iPhone Developer";
				"CODE_SIGN_IDENTITY[sdk=iphoneos*]" = "iPhone Distribution";
				CODE_SIGN_STYLE = Manual;
				DEVELOPMENT_TEAM = "";
				"DEVELOPMENT_TEAM[sdk=iphoneos*]" = 4TWS7E2EPE;
				ENABLE_PREVIEWS = YES;
				INFOPLIST_FILE = PhongKMMIC/Configurations/Plists/Info.plist;
				IPHONEOS_DEPLOYMENT_TARGET = 16.0;
				LD_RUNPATH_SEARCH_PATHS = (
					"$(inherited)",
					"@executable_path/Frameworks",
				);
				MARKETING_VERSION = 0.6.0;
				PRODUCT_BUNDLE_IDENTIFIER = "${PRODUCT_BUNDLE_IDENTIFIER}";
				PRODUCT_NAME = PhongKMMIC;
				PROVISIONING_PROFILE_SPECIFIER = "";
				"PROVISIONING_PROFILE_SPECIFIER[sdk=iphoneos*]" = "match AdHoc co.nimblehq.phong.kmmswiftuiic.staging";
				SDKROOT = iphoneos;
				SUPPORTS_MACCATALYST = NO;
				SWIFT_COMPILATION_MODE = wholemodule;
				SWIFT_OPTIMIZATION_LEVEL = "-Owholemodule";
				SWIFT_VERSION = 5.7.1;
				TARGETED_DEVICE_FAMILY = 1;
			};
			name = "Release Staging";
		};
		2408EF13FB28E8E44014D4FE /* Debug Production */ = {
			isa = XCBuildConfiguration;
			baseConfigurationReference = 8885601E94A1B6D96FFBD821 /* Pods-PhongKMMICKIFUITests.debug production.xcconfig */;
			buildSettings = {
				BUNDLE_LOADER = "$(TEST_HOST)";
				CODE_SIGN_IDENTITY = "iPhone Developer";
				INFOPLIST_FILE = PhongKMMICKIFUITests/Configurations/Plists/Info.plist;
				LD_RUNPATH_SEARCH_PATHS = (
					"$(inherited)",
					"@executable_path/Frameworks",
					"@loader_path/Frameworks",
				);
				PRODUCT_BUNDLE_IDENTIFIER = "${PRODUCT_BUNDLE_IDENTIFIER}";
				PRODUCT_NAME = PhongKMMICKIFUITests;
				SDKROOT = iphoneos;
				SWIFT_ACTIVE_COMPILATION_CONDITIONS = DEBUG;
				SWIFT_COMPILATION_MODE = singlefile;
				SWIFT_OPTIMIZATION_LEVEL = "-Onone";
				SWIFT_VERSION = 5.7.1;
				TARGETED_DEVICE_FAMILY = "1,2";
				TEST_HOST = "$(BUILT_PRODUCTS_DIR)/PhongKMMIC.app/PhongKMMIC";
				TEST_TARGET_NAME = PhongKMMIC;
			};
			name = "Debug Production";
		};
		25BF2F24BDFB66D76D1ECE9B /* Debug Production */ = {
			isa = XCBuildConfiguration;
			baseConfigurationReference = 6A0811B8C5B15866929DD19C /* Pods-PhongKMMICTests.debug production.xcconfig */;
			buildSettings = {
				BUNDLE_LOADER = "$(TEST_HOST)";
				CODE_SIGN_IDENTITY = "iPhone Developer";
				INFOPLIST_FILE = PhongKMMICTests/Configurations/Plists/Info.plist;
				LD_RUNPATH_SEARCH_PATHS = (
					"$(inherited)",
					"@executable_path/Frameworks",
					"@loader_path/Frameworks",
				);
				PRODUCT_BUNDLE_IDENTIFIER = "${PRODUCT_BUNDLE_IDENTIFIER}";
				PRODUCT_NAME = PhongKMMICTests;
				SDKROOT = iphoneos;
				SWIFT_ACTIVE_COMPILATION_CONDITIONS = DEBUG;
				SWIFT_COMPILATION_MODE = singlefile;
				SWIFT_OPTIMIZATION_LEVEL = "-Onone";
				SWIFT_VERSION = 5.7.1;
				TARGETED_DEVICE_FAMILY = "1,2";
				TEST_HOST = "$(BUILT_PRODUCTS_DIR)/PhongKMMIC.app/PhongKMMIC";
				TEST_TARGET_NAME = PhongKMMIC;
			};
			name = "Debug Production";
		};
		32E8124B396991A0D0DA0548 /* Release Staging */ = {
			isa = XCBuildConfiguration;
			baseConfigurationReference = C97DE79233E575D3F6F31BBD /* Pods-PhongKMMICKIFUITests.release staging.xcconfig */;
			buildSettings = {
				BUNDLE_LOADER = "$(TEST_HOST)";
				CODE_SIGN_IDENTITY = "iPhone Developer";
				INFOPLIST_FILE = PhongKMMICKIFUITests/Configurations/Plists/Info.plist;
				LD_RUNPATH_SEARCH_PATHS = (
					"$(inherited)",
					"@executable_path/Frameworks",
					"@loader_path/Frameworks",
				);
				PRODUCT_BUNDLE_IDENTIFIER = "${PRODUCT_BUNDLE_IDENTIFIER}";
				PRODUCT_NAME = PhongKMMICKIFUITests;
				SDKROOT = iphoneos;
				SWIFT_COMPILATION_MODE = wholemodule;
				SWIFT_OPTIMIZATION_LEVEL = "-Owholemodule";
				SWIFT_VERSION = 5.7.1;
				TARGETED_DEVICE_FAMILY = "1,2";
				TEST_HOST = "$(BUILT_PRODUCTS_DIR)/PhongKMMIC.app/PhongKMMIC";
				TEST_TARGET_NAME = PhongKMMIC;
			};
			name = "Release Staging";
		};
		3856D5FF494349D939B0D23D /* Debug Staging */ = {
			isa = XCBuildConfiguration;
			baseConfigurationReference = 268658C462D68B97AE171092 /* Pods-PhongKMMICKIFUITests.debug staging.xcconfig */;
			buildSettings = {
				BUNDLE_LOADER = "$(TEST_HOST)";
				CODE_SIGN_IDENTITY = "iPhone Developer";
				INFOPLIST_FILE = PhongKMMICKIFUITests/Configurations/Plists/Info.plist;
				LD_RUNPATH_SEARCH_PATHS = (
					"$(inherited)",
					"@executable_path/Frameworks",
					"@loader_path/Frameworks",
				);
				PRODUCT_BUNDLE_IDENTIFIER = "${PRODUCT_BUNDLE_IDENTIFIER}";
				PRODUCT_NAME = PhongKMMICKIFUITests;
				SDKROOT = iphoneos;
				SWIFT_ACTIVE_COMPILATION_CONDITIONS = DEBUG;
				SWIFT_COMPILATION_MODE = singlefile;
				SWIFT_OPTIMIZATION_LEVEL = "-Onone";
				SWIFT_VERSION = 5.7.1;
				TARGETED_DEVICE_FAMILY = "1,2";
				TEST_HOST = "$(BUILT_PRODUCTS_DIR)/PhongKMMIC.app/PhongKMMIC";
				TEST_TARGET_NAME = PhongKMMIC;
			};
			name = "Debug Staging";
		};
		3E2B0D649E72E2E665E41CE5 /* Release Production */ = {
			isa = XCBuildConfiguration;
			baseConfigurationReference = D4EC7C30990A7EC2F97938D3 /* Pods-PhongKMMICKIFUITests.release production.xcconfig */;
			buildSettings = {
				BUNDLE_LOADER = "$(TEST_HOST)";
				CODE_SIGN_IDENTITY = "iPhone Developer";
				INFOPLIST_FILE = PhongKMMICKIFUITests/Configurations/Plists/Info.plist;
				LD_RUNPATH_SEARCH_PATHS = (
					"$(inherited)",
					"@executable_path/Frameworks",
					"@loader_path/Frameworks",
				);
				PRODUCT_BUNDLE_IDENTIFIER = "${PRODUCT_BUNDLE_IDENTIFIER}";
				PRODUCT_NAME = PhongKMMICKIFUITests;
				SDKROOT = iphoneos;
				SWIFT_COMPILATION_MODE = wholemodule;
				SWIFT_OPTIMIZATION_LEVEL = "-Owholemodule";
				SWIFT_VERSION = 5.7.1;
				TARGETED_DEVICE_FAMILY = "1,2";
				TEST_HOST = "$(BUILT_PRODUCTS_DIR)/PhongKMMIC.app/PhongKMMIC";
				TEST_TARGET_NAME = PhongKMMIC;
			};
			name = "Release Production";
		};
		5FFD5665C84734F33594626D /* Release Production */ = {
			isa = XCBuildConfiguration;
			baseConfigurationReference = 0475F21C5BDA70F7915C786F /* ReleaseProduction.xcconfig */;
			buildSettings = {
				ALWAYS_SEARCH_USER_PATHS = NO;
				CLANG_ANALYZER_LOCALIZABILITY_NONLOCALIZED = YES;
				CLANG_ANALYZER_NONNULL = YES;
				CLANG_ANALYZER_NUMBER_OBJECT_CONVERSION = YES_AGGRESSIVE;
				CLANG_CXX_LANGUAGE_STANDARD = "gnu++14";
				CLANG_CXX_LIBRARY = "libc++";
				CLANG_ENABLE_MODULES = YES;
				CLANG_ENABLE_OBJC_ARC = YES;
				CLANG_ENABLE_OBJC_WEAK = YES;
				CLANG_WARN_BLOCK_CAPTURE_AUTORELEASING = YES;
				CLANG_WARN_BOOL_CONVERSION = YES;
				CLANG_WARN_COMMA = YES;
				CLANG_WARN_CONSTANT_CONVERSION = YES;
				CLANG_WARN_DEPRECATED_OBJC_IMPLEMENTATIONS = YES;
				CLANG_WARN_DIRECT_OBJC_ISA_USAGE = YES_ERROR;
				CLANG_WARN_DOCUMENTATION_COMMENTS = YES;
				CLANG_WARN_EMPTY_BODY = YES;
				CLANG_WARN_ENUM_CONVERSION = YES;
				CLANG_WARN_INFINITE_RECURSION = YES;
				CLANG_WARN_INT_CONVERSION = YES;
				CLANG_WARN_NON_LITERAL_NULL_CONVERSION = YES;
				CLANG_WARN_OBJC_IMPLICIT_RETAIN_SELF = YES;
				CLANG_WARN_OBJC_LITERAL_CONVERSION = YES;
				CLANG_WARN_OBJC_ROOT_CLASS = YES_ERROR;
				CLANG_WARN_QUOTED_INCLUDE_IN_FRAMEWORK_HEADER = YES;
				CLANG_WARN_RANGE_LOOP_ANALYSIS = YES;
				CLANG_WARN_STRICT_PROTOTYPES = YES;
				CLANG_WARN_SUSPICIOUS_MOVE = YES;
				CLANG_WARN_UNGUARDED_AVAILABILITY = YES_AGGRESSIVE;
				CLANG_WARN_UNREACHABLE_CODE = YES;
				CLANG_WARN__DUPLICATE_METHOD_MATCH = YES;
				COPY_PHASE_STRIP = NO;
				DEBUG_INFORMATION_FORMAT = "dwarf-with-dsym";
				ENABLE_NS_ASSERTIONS = NO;
				ENABLE_STRICT_OBJC_MSGSEND = YES;
				GCC_C_LANGUAGE_STANDARD = gnu11;
				GCC_NO_COMMON_BLOCKS = YES;
				GCC_WARN_64_TO_32_BIT_CONVERSION = YES;
				GCC_WARN_ABOUT_RETURN_TYPE = YES_ERROR;
				GCC_WARN_UNDECLARED_SELECTOR = YES;
				GCC_WARN_UNINITIALIZED_AUTOS = YES_AGGRESSIVE;
				GCC_WARN_UNUSED_FUNCTION = YES;
				GCC_WARN_UNUSED_VARIABLE = YES;
				MTL_ENABLE_DEBUG_INFO = NO;
				PRODUCT_NAME = "$(TARGET_NAME)";
				VALIDATE_PRODUCT = YES;
			};
			name = "Release Production";
		};
		628835D11EAA99EB61A2A434 /* Release Staging */ = {
			isa = XCBuildConfiguration;
			baseConfigurationReference = 62F90FED8EBAAF0252C972E2 /* ReleaseStaging.xcconfig */;
			buildSettings = {
				ALWAYS_SEARCH_USER_PATHS = NO;
				CLANG_ANALYZER_LOCALIZABILITY_NONLOCALIZED = YES;
				CLANG_ANALYZER_NONNULL = YES;
				CLANG_ANALYZER_NUMBER_OBJECT_CONVERSION = YES_AGGRESSIVE;
				CLANG_CXX_LANGUAGE_STANDARD = "gnu++14";
				CLANG_CXX_LIBRARY = "libc++";
				CLANG_ENABLE_MODULES = YES;
				CLANG_ENABLE_OBJC_ARC = YES;
				CLANG_ENABLE_OBJC_WEAK = YES;
				CLANG_WARN_BLOCK_CAPTURE_AUTORELEASING = YES;
				CLANG_WARN_BOOL_CONVERSION = YES;
				CLANG_WARN_COMMA = YES;
				CLANG_WARN_CONSTANT_CONVERSION = YES;
				CLANG_WARN_DEPRECATED_OBJC_IMPLEMENTATIONS = YES;
				CLANG_WARN_DIRECT_OBJC_ISA_USAGE = YES_ERROR;
				CLANG_WARN_DOCUMENTATION_COMMENTS = YES;
				CLANG_WARN_EMPTY_BODY = YES;
				CLANG_WARN_ENUM_CONVERSION = YES;
				CLANG_WARN_INFINITE_RECURSION = YES;
				CLANG_WARN_INT_CONVERSION = YES;
				CLANG_WARN_NON_LITERAL_NULL_CONVERSION = YES;
				CLANG_WARN_OBJC_IMPLICIT_RETAIN_SELF = YES;
				CLANG_WARN_OBJC_LITERAL_CONVERSION = YES;
				CLANG_WARN_OBJC_ROOT_CLASS = YES_ERROR;
				CLANG_WARN_QUOTED_INCLUDE_IN_FRAMEWORK_HEADER = YES;
				CLANG_WARN_RANGE_LOOP_ANALYSIS = YES;
				CLANG_WARN_STRICT_PROTOTYPES = YES;
				CLANG_WARN_SUSPICIOUS_MOVE = YES;
				CLANG_WARN_UNGUARDED_AVAILABILITY = YES_AGGRESSIVE;
				CLANG_WARN_UNREACHABLE_CODE = YES;
				CLANG_WARN__DUPLICATE_METHOD_MATCH = YES;
				COPY_PHASE_STRIP = NO;
				DEBUG_INFORMATION_FORMAT = "dwarf-with-dsym";
				ENABLE_NS_ASSERTIONS = NO;
				ENABLE_STRICT_OBJC_MSGSEND = YES;
				GCC_C_LANGUAGE_STANDARD = gnu11;
				GCC_NO_COMMON_BLOCKS = YES;
				GCC_WARN_64_TO_32_BIT_CONVERSION = YES;
				GCC_WARN_ABOUT_RETURN_TYPE = YES_ERROR;
				GCC_WARN_UNDECLARED_SELECTOR = YES;
				GCC_WARN_UNINITIALIZED_AUTOS = YES_AGGRESSIVE;
				GCC_WARN_UNUSED_FUNCTION = YES;
				GCC_WARN_UNUSED_VARIABLE = YES;
				MTL_ENABLE_DEBUG_INFO = NO;
				PRODUCT_NAME = "$(TARGET_NAME)";
				VALIDATE_PRODUCT = YES;
			};
			name = "Release Staging";
		};
		646602B6C1C0647248412E99 /* Release Production */ = {
			isa = XCBuildConfiguration;
			baseConfigurationReference = 2CFCD9FF72A4C478557D5A7C /* Pods-PhongKMMICTests.release production.xcconfig */;
			buildSettings = {
				BUNDLE_LOADER = "$(TEST_HOST)";
				CODE_SIGN_IDENTITY = "iPhone Developer";
				INFOPLIST_FILE = PhongKMMICTests/Configurations/Plists/Info.plist;
				LD_RUNPATH_SEARCH_PATHS = (
					"$(inherited)",
					"@executable_path/Frameworks",
					"@loader_path/Frameworks",
				);
				PRODUCT_BUNDLE_IDENTIFIER = "${PRODUCT_BUNDLE_IDENTIFIER}";
				PRODUCT_NAME = PhongKMMICTests;
				SDKROOT = iphoneos;
				SWIFT_COMPILATION_MODE = wholemodule;
				SWIFT_OPTIMIZATION_LEVEL = "-Owholemodule";
				SWIFT_VERSION = 5.7.1;
				TARGETED_DEVICE_FAMILY = "1,2";
				TEST_HOST = "$(BUILT_PRODUCTS_DIR)/PhongKMMIC.app/PhongKMMIC";
				TEST_TARGET_NAME = PhongKMMIC;
			};
			name = "Release Production";
		};
		7E5643DE5211DDFDF3A0267C /* Debug Staging */ = {
			isa = XCBuildConfiguration;
			baseConfigurationReference = 6D4AE031591964609DCDA356 /* DebugStaging.xcconfig */;
			buildSettings = {
				ALWAYS_SEARCH_USER_PATHS = NO;
				CLANG_ANALYZER_LOCALIZABILITY_NONLOCALIZED = YES;
				CLANG_ANALYZER_NONNULL = YES;
				CLANG_ANALYZER_NUMBER_OBJECT_CONVERSION = YES_AGGRESSIVE;
				CLANG_CXX_LANGUAGE_STANDARD = "gnu++14";
				CLANG_CXX_LIBRARY = "libc++";
				CLANG_ENABLE_MODULES = YES;
				CLANG_ENABLE_OBJC_ARC = YES;
				CLANG_ENABLE_OBJC_WEAK = YES;
				CLANG_WARN_BLOCK_CAPTURE_AUTORELEASING = YES;
				CLANG_WARN_BOOL_CONVERSION = YES;
				CLANG_WARN_COMMA = YES;
				CLANG_WARN_CONSTANT_CONVERSION = YES;
				CLANG_WARN_DEPRECATED_OBJC_IMPLEMENTATIONS = YES;
				CLANG_WARN_DIRECT_OBJC_ISA_USAGE = YES_ERROR;
				CLANG_WARN_DOCUMENTATION_COMMENTS = YES;
				CLANG_WARN_EMPTY_BODY = YES;
				CLANG_WARN_ENUM_CONVERSION = YES;
				CLANG_WARN_INFINITE_RECURSION = YES;
				CLANG_WARN_INT_CONVERSION = YES;
				CLANG_WARN_NON_LITERAL_NULL_CONVERSION = YES;
				CLANG_WARN_OBJC_IMPLICIT_RETAIN_SELF = YES;
				CLANG_WARN_OBJC_LITERAL_CONVERSION = YES;
				CLANG_WARN_OBJC_ROOT_CLASS = YES_ERROR;
				CLANG_WARN_QUOTED_INCLUDE_IN_FRAMEWORK_HEADER = YES;
				CLANG_WARN_RANGE_LOOP_ANALYSIS = YES;
				CLANG_WARN_STRICT_PROTOTYPES = YES;
				CLANG_WARN_SUSPICIOUS_MOVE = YES;
				CLANG_WARN_UNGUARDED_AVAILABILITY = YES_AGGRESSIVE;
				CLANG_WARN_UNREACHABLE_CODE = YES;
				CLANG_WARN__DUPLICATE_METHOD_MATCH = YES;
				COPY_PHASE_STRIP = NO;
				DEBUG_INFORMATION_FORMAT = dwarf;
				ENABLE_STRICT_OBJC_MSGSEND = YES;
				ENABLE_TESTABILITY = YES;
				GCC_C_LANGUAGE_STANDARD = gnu11;
				GCC_DYNAMIC_NO_PIC = NO;
				GCC_NO_COMMON_BLOCKS = YES;
				GCC_OPTIMIZATION_LEVEL = 0;
				GCC_PREPROCESSOR_DEFINITIONS = (
					"DEBUG=1",
					"$(inherited)",
				);
				GCC_WARN_64_TO_32_BIT_CONVERSION = YES;
				GCC_WARN_ABOUT_RETURN_TYPE = YES_ERROR;
				GCC_WARN_UNDECLARED_SELECTOR = YES;
				GCC_WARN_UNINITIALIZED_AUTOS = YES_AGGRESSIVE;
				GCC_WARN_UNUSED_FUNCTION = YES;
				GCC_WARN_UNUSED_VARIABLE = YES;
				MTL_ENABLE_DEBUG_INFO = YES;
				ONLY_ACTIVE_ARCH = YES;
				PRODUCT_NAME = "$(TARGET_NAME)";
			};
			name = "Debug Staging";
		};
		8D068E1589498FE77812EC57 /* Release Production */ = {
			isa = XCBuildConfiguration;
			baseConfigurationReference = 0062F13459A029E966B2B7D5 /* Pods-PhongKMMIC.release production.xcconfig */;
			buildSettings = {
				ASSETCATALOG_COMPILER_APPICON_NAME = AppIcon;
				CODE_SIGN_IDENTITY = "iPhone Developer";
				"CODE_SIGN_IDENTITY[sdk=iphoneos*]" = "iPhone Distribution";
				CODE_SIGN_STYLE = Manual;
				DEVELOPMENT_TEAM = "";
				"DEVELOPMENT_TEAM[sdk=iphoneos*]" = 4TWS7E2EPE;
				ENABLE_PREVIEWS = YES;
				INFOPLIST_FILE = PhongKMMIC/Configurations/Plists/Info.plist;
				IPHONEOS_DEPLOYMENT_TARGET = 16.0;
				LD_RUNPATH_SEARCH_PATHS = (
					"$(inherited)",
					"@executable_path/Frameworks",
				);
				MARKETING_VERSION = 0.6.0;
				PRODUCT_BUNDLE_IDENTIFIER = "${PRODUCT_BUNDLE_IDENTIFIER}";
				PRODUCT_NAME = PhongKMMIC;
				PROVISIONING_PROFILE_SPECIFIER = "";
				"PROVISIONING_PROFILE_SPECIFIER[sdk=iphoneos*]" = "match AppStore co.nimblehq.phong.kmmswiftuiic";
				SDKROOT = iphoneos;
				SUPPORTS_MACCATALYST = NO;
				SWIFT_COMPILATION_MODE = wholemodule;
				SWIFT_OPTIMIZATION_LEVEL = "-Owholemodule";
				SWIFT_VERSION = 5.7.1;
				TARGETED_DEVICE_FAMILY = 1;
			};
			name = "Release Production";
		};
		90E402FFB8D9D75C893A80D4 /* Debug Staging */ = {
			isa = XCBuildConfiguration;
			baseConfigurationReference = D067F7CB8B1319DDC60BA3BC /* Pods-PhongKMMICTests.debug staging.xcconfig */;
			buildSettings = {
				BUNDLE_LOADER = "$(TEST_HOST)";
				CODE_SIGN_IDENTITY = "iPhone Developer";
				INFOPLIST_FILE = PhongKMMICTests/Configurations/Plists/Info.plist;
				LD_RUNPATH_SEARCH_PATHS = (
					"$(inherited)",
					"@executable_path/Frameworks",
					"@loader_path/Frameworks",
				);
				PRODUCT_BUNDLE_IDENTIFIER = "${PRODUCT_BUNDLE_IDENTIFIER}";
				PRODUCT_NAME = PhongKMMICTests;
				SDKROOT = iphoneos;
				SWIFT_ACTIVE_COMPILATION_CONDITIONS = DEBUG;
				SWIFT_COMPILATION_MODE = singlefile;
				SWIFT_OPTIMIZATION_LEVEL = "-Onone";
				SWIFT_VERSION = 5.7.1;
				TARGETED_DEVICE_FAMILY = "1,2";
				TEST_HOST = "$(BUILT_PRODUCTS_DIR)/PhongKMMIC.app/PhongKMMIC";
				TEST_TARGET_NAME = PhongKMMIC;
			};
			name = "Debug Staging";
		};
		A1D0F7EA103F33B0A0609378 /* Release Staging */ = {
			isa = XCBuildConfiguration;
			baseConfigurationReference = 5E408EDAC1691C4BAB2E4226 /* Pods-PhongKMMICTests.release staging.xcconfig */;
			buildSettings = {
				BUNDLE_LOADER = "$(TEST_HOST)";
				CODE_SIGN_IDENTITY = "iPhone Developer";
				INFOPLIST_FILE = PhongKMMICTests/Configurations/Plists/Info.plist;
				LD_RUNPATH_SEARCH_PATHS = (
					"$(inherited)",
					"@executable_path/Frameworks",
					"@loader_path/Frameworks",
				);
				PRODUCT_BUNDLE_IDENTIFIER = "${PRODUCT_BUNDLE_IDENTIFIER}";
				PRODUCT_NAME = PhongKMMICTests;
				SDKROOT = iphoneos;
				SWIFT_COMPILATION_MODE = wholemodule;
				SWIFT_OPTIMIZATION_LEVEL = "-Owholemodule";
				SWIFT_VERSION = 5.7.1;
				TARGETED_DEVICE_FAMILY = "1,2";
				TEST_HOST = "$(BUILT_PRODUCTS_DIR)/PhongKMMIC.app/PhongKMMIC";
				TEST_TARGET_NAME = PhongKMMIC;
			};
			name = "Release Staging";
		};
		BEC4C703C4EC980950EA92E8 /* Debug Production */ = {
			isa = XCBuildConfiguration;
			baseConfigurationReference = 1731A578C5658AB66427EF0B /* Pods-PhongKMMIC.debug production.xcconfig */;
			buildSettings = {
				ASSETCATALOG_COMPILER_APPICON_NAME = AppIcon;
				CODE_SIGN_IDENTITY = "iPhone Developer";
				"CODE_SIGN_IDENTITY[sdk=iphoneos*]" = "iPhone Distribution";
				CODE_SIGN_STYLE = Manual;
				DEVELOPMENT_TEAM = "";
				"DEVELOPMENT_TEAM[sdk=iphoneos*]" = 4TWS7E2EPE;
				ENABLE_PREVIEWS = YES;
				INFOPLIST_FILE = PhongKMMIC/Configurations/Plists/Info.plist;
				IPHONEOS_DEPLOYMENT_TARGET = 16.0;
				LD_RUNPATH_SEARCH_PATHS = (
					"$(inherited)",
					"@executable_path/Frameworks",
				);
				MARKETING_VERSION = 0.6.0;
				PRODUCT_BUNDLE_IDENTIFIER = "${PRODUCT_BUNDLE_IDENTIFIER}";
				PRODUCT_NAME = PhongKMMIC;
				PROVISIONING_PROFILE_SPECIFIER = "";
				"PROVISIONING_PROFILE_SPECIFIER[sdk=iphoneos*]" = "match AppStore co.nimblehq.phong.kmmswiftuiic";
				SDKROOT = iphoneos;
				SUPPORTS_MACCATALYST = NO;
				SWIFT_ACTIVE_COMPILATION_CONDITIONS = DEBUG;
				SWIFT_COMPILATION_MODE = singlefile;
				SWIFT_OPTIMIZATION_LEVEL = "-Onone";
				SWIFT_VERSION = 5.7.1;
				TARGETED_DEVICE_FAMILY = 1;
			};
			name = "Debug Production";
		};
		ED65E37008B57B9D47A06A10 /* Debug Staging */ = {
			isa = XCBuildConfiguration;
			baseConfigurationReference = 39E3FD88B495FB06587EC1DB /* Pods-PhongKMMIC.debug staging.xcconfig */;
			buildSettings = {
				ASSETCATALOG_COMPILER_APPICON_NAME = AppIcon;
				CODE_SIGN_IDENTITY = "iPhone Developer";
				"CODE_SIGN_IDENTITY[sdk=iphoneos*]" = "iPhone Distribution";
				CODE_SIGN_STYLE = Manual;
				DEVELOPMENT_TEAM = "";
				"DEVELOPMENT_TEAM[sdk=iphoneos*]" = 4TWS7E2EPE;
				ENABLE_PREVIEWS = YES;
				INFOPLIST_FILE = PhongKMMIC/Configurations/Plists/Info.plist;
				IPHONEOS_DEPLOYMENT_TARGET = 16.0;
				LD_RUNPATH_SEARCH_PATHS = (
					"$(inherited)",
					"@executable_path/Frameworks",
				);
				MARKETING_VERSION = 0.6.0;
				PRODUCT_BUNDLE_IDENTIFIER = "${PRODUCT_BUNDLE_IDENTIFIER}";
				PRODUCT_NAME = PhongKMMIC;
				PROVISIONING_PROFILE_SPECIFIER = "";
				"PROVISIONING_PROFILE_SPECIFIER[sdk=iphoneos*]" = "match AdHoc co.nimblehq.phong.kmmswiftuiic.staging";
				SDKROOT = iphoneos;
				SUPPORTS_MACCATALYST = NO;
				SWIFT_ACTIVE_COMPILATION_CONDITIONS = DEBUG;
				SWIFT_COMPILATION_MODE = singlefile;
				SWIFT_OPTIMIZATION_LEVEL = "-Onone";
				SWIFT_VERSION = 5.7.1;
				TARGETED_DEVICE_FAMILY = 1;
			};
			name = "Debug Staging";
		};
		F4B136AFD0CFB4BCE2B70E2D /* Debug Production */ = {
			isa = XCBuildConfiguration;
			baseConfigurationReference = 8BF084342E42D37651E9E7D5 /* DebugProduction.xcconfig */;
			buildSettings = {
				ALWAYS_SEARCH_USER_PATHS = NO;
				CLANG_ANALYZER_LOCALIZABILITY_NONLOCALIZED = YES;
				CLANG_ANALYZER_NONNULL = YES;
				CLANG_ANALYZER_NUMBER_OBJECT_CONVERSION = YES_AGGRESSIVE;
				CLANG_CXX_LANGUAGE_STANDARD = "gnu++14";
				CLANG_CXX_LIBRARY = "libc++";
				CLANG_ENABLE_MODULES = YES;
				CLANG_ENABLE_OBJC_ARC = YES;
				CLANG_ENABLE_OBJC_WEAK = YES;
				CLANG_WARN_BLOCK_CAPTURE_AUTORELEASING = YES;
				CLANG_WARN_BOOL_CONVERSION = YES;
				CLANG_WARN_COMMA = YES;
				CLANG_WARN_CONSTANT_CONVERSION = YES;
				CLANG_WARN_DEPRECATED_OBJC_IMPLEMENTATIONS = YES;
				CLANG_WARN_DIRECT_OBJC_ISA_USAGE = YES_ERROR;
				CLANG_WARN_DOCUMENTATION_COMMENTS = YES;
				CLANG_WARN_EMPTY_BODY = YES;
				CLANG_WARN_ENUM_CONVERSION = YES;
				CLANG_WARN_INFINITE_RECURSION = YES;
				CLANG_WARN_INT_CONVERSION = YES;
				CLANG_WARN_NON_LITERAL_NULL_CONVERSION = YES;
				CLANG_WARN_OBJC_IMPLICIT_RETAIN_SELF = YES;
				CLANG_WARN_OBJC_LITERAL_CONVERSION = YES;
				CLANG_WARN_OBJC_ROOT_CLASS = YES_ERROR;
				CLANG_WARN_QUOTED_INCLUDE_IN_FRAMEWORK_HEADER = YES;
				CLANG_WARN_RANGE_LOOP_ANALYSIS = YES;
				CLANG_WARN_STRICT_PROTOTYPES = YES;
				CLANG_WARN_SUSPICIOUS_MOVE = YES;
				CLANG_WARN_UNGUARDED_AVAILABILITY = YES_AGGRESSIVE;
				CLANG_WARN_UNREACHABLE_CODE = YES;
				CLANG_WARN__DUPLICATE_METHOD_MATCH = YES;
				COPY_PHASE_STRIP = NO;
				DEBUG_INFORMATION_FORMAT = dwarf;
				ENABLE_STRICT_OBJC_MSGSEND = YES;
				ENABLE_TESTABILITY = YES;
				GCC_C_LANGUAGE_STANDARD = gnu11;
				GCC_DYNAMIC_NO_PIC = NO;
				GCC_NO_COMMON_BLOCKS = YES;
				GCC_OPTIMIZATION_LEVEL = 0;
				GCC_PREPROCESSOR_DEFINITIONS = (
					"DEBUG=1",
					"$(inherited)",
				);
				GCC_WARN_64_TO_32_BIT_CONVERSION = YES;
				GCC_WARN_ABOUT_RETURN_TYPE = YES_ERROR;
				GCC_WARN_UNDECLARED_SELECTOR = YES;
				GCC_WARN_UNINITIALIZED_AUTOS = YES_AGGRESSIVE;
				GCC_WARN_UNUSED_FUNCTION = YES;
				GCC_WARN_UNUSED_VARIABLE = YES;
				MTL_ENABLE_DEBUG_INFO = YES;
				ONLY_ACTIVE_ARCH = YES;
				PRODUCT_NAME = "$(TARGET_NAME)";
			};
			name = "Debug Production";
		};
/* End XCBuildConfiguration section */

/* Begin XCConfigurationList section */
		0B0A76887B2E04C8F7879EEC /* Build configuration list for PBXProject "PhongKMMIC" */ = {
			isa = XCConfigurationList;
			buildConfigurations = (
				F4B136AFD0CFB4BCE2B70E2D /* Debug Production */,
				7E5643DE5211DDFDF3A0267C /* Debug Staging */,
				5FFD5665C84734F33594626D /* Release Production */,
				628835D11EAA99EB61A2A434 /* Release Staging */,
			);
			defaultConfigurationIsVisible = 0;
			defaultConfigurationName = "Release Production";
		};
		3B4D4FF2DFDF5A582262D0E2 /* Build configuration list for PBXNativeTarget "PhongKMMIC" */ = {
			isa = XCConfigurationList;
			buildConfigurations = (
				BEC4C703C4EC980950EA92E8 /* Debug Production */,
				ED65E37008B57B9D47A06A10 /* Debug Staging */,
				8D068E1589498FE77812EC57 /* Release Production */,
				0A989119D9DB7DB04267681F /* Release Staging */,
			);
			defaultConfigurationIsVisible = 0;
			defaultConfigurationName = "Release Production";
		};
		630D6A901B0FF758E3BF1B89 /* Build configuration list for PBXNativeTarget "PhongKMMICTests" */ = {
			isa = XCConfigurationList;
			buildConfigurations = (
				25BF2F24BDFB66D76D1ECE9B /* Debug Production */,
				90E402FFB8D9D75C893A80D4 /* Debug Staging */,
				646602B6C1C0647248412E99 /* Release Production */,
				A1D0F7EA103F33B0A0609378 /* Release Staging */,
			);
			defaultConfigurationIsVisible = 0;
			defaultConfigurationName = "Release Production";
		};
		9176DB7CC67C62FCC49A2FD8 /* Build configuration list for PBXNativeTarget "PhongKMMICKIFUITests" */ = {
			isa = XCConfigurationList;
			buildConfigurations = (
				2408EF13FB28E8E44014D4FE /* Debug Production */,
				3856D5FF494349D939B0D23D /* Debug Staging */,
				3E2B0D649E72E2E665E41CE5 /* Release Production */,
				32E8124B396991A0D0DA0548 /* Release Staging */,
			);
			defaultConfigurationIsVisible = 0;
			defaultConfigurationName = "Release Production";
		};
/* End XCConfigurationList section */
	};
	rootObject = 802BC2FC44B4E4EEA06FF552 /* Project object */;
}
